// !$*UTF8*$!
{
	archiveVersion = 1;
	classes = {
	};
	objectVersion = 46;
	objects = {

/* Begin PBXBuildFile section */
		1301BB45119CB4B100A33D6C /* OAuth2SampleMainiPad.xib in Resources */ = {isa = PBXBuildFile; fileRef = 1301BB44119CB4B100A33D6C /* OAuth2SampleMainiPad.xib */; };
		13E350A0119CA9AE00B2EB5A /* mainTouch.m in Sources */ = {isa = PBXBuildFile; fileRef = 13C82E9211373B3000ACAEDD /* mainTouch.m */; };
		13E350A1119CA9AE00B2EB5A /* AppDelegate.m in Sources */ = {isa = PBXBuildFile; fileRef = 13C82E9411373B3000ACAEDD /* AppDelegate.m */; };
		13E350A2119CA9AE00B2EB5A /* RootViewController.m in Sources */ = {isa = PBXBuildFile; fileRef = 13C82E9611373B3000ACAEDD /* RootViewController.m */; };
		13E350A8119CA9AE00B2EB5A /* Foundation.framework in Frameworks */ = {isa = PBXBuildFile; fileRef = 1D30AB110D05D00D00671497 /* Foundation.framework */; };
		13E350A9119CA9AE00B2EB5A /* UIKit.framework in Frameworks */ = {isa = PBXBuildFile; fileRef = 1DF5F4DF0D08C38300B7A737 /* UIKit.framework */; };
		13E350AA119CA9AE00B2EB5A /* CoreGraphics.framework in Frameworks */ = {isa = PBXBuildFile; fileRef = 2892E40F0DC94CBA00A64D0F /* CoreGraphics.framework */; };
		13E350AB119CA9AE00B2EB5A /* Security.framework in Frameworks */ = {isa = PBXBuildFile; fileRef = 1397AC501137075C00DE52FD /* Security.framework */; };
		13E350AC119CA9AE00B2EB5A /* SystemConfiguration.framework in Frameworks */ = {isa = PBXBuildFile; fileRef = 4FF23DC011754C0300E96C5A /* SystemConfiguration.framework */; };
		4F244813121F263E00FEE1DA /* OAuth2SampleMainTouch.xib in Resources */ = {isa = PBXBuildFile; fileRef = 4F244810121F253B00FEE1DA /* OAuth2SampleMainTouch.xib */; };
		D62EC16116FCC2C5005E65F5 /* TaskListViewController.m in Sources */ = {isa = PBXBuildFile; fileRef = D62EC15F16FCC2C5005E65F5 /* TaskListViewController.m */; };
		D62EC16216FCC2C5005E65F5 /* TaskListViewController.xib in Resources */ = {isa = PBXBuildFile; fileRef = D62EC16016FCC2C5005E65F5 /* TaskListViewController.xib */; };
		D62EC18416FCC8C0005E65F5 /* GTLQueryTasks.m in Sources */ = {isa = PBXBuildFile; fileRef = D62EC17516FCC8C0005E65F5 /* GTLQueryTasks.m */; };
		D62EC18516FCC8C0005E65F5 /* GTLServiceTasks.m in Sources */ = {isa = PBXBuildFile; fileRef = D62EC17716FCC8C0005E65F5 /* GTLServiceTasks.m */; };
		D62EC18616FCC8C0005E65F5 /* GTLTasks_Sources.m in Sources */ = {isa = PBXBuildFile; fileRef = D62EC17916FCC8C0005E65F5 /* GTLTasks_Sources.m */; };
		D62EC18716FCC8C0005E65F5 /* GTLTasksConstants.m in Sources */ = {isa = PBXBuildFile; fileRef = D62EC17B16FCC8C0005E65F5 /* GTLTasksConstants.m */; };
		D62EC18816FCC8C0005E65F5 /* GTLTasksTask.m in Sources */ = {isa = PBXBuildFile; fileRef = D62EC17D16FCC8C0005E65F5 /* GTLTasksTask.m */; };
		D62EC18916FCC8C0005E65F5 /* GTLTasksTaskList.m in Sources */ = {isa = PBXBuildFile; fileRef = D62EC17F16FCC8C0005E65F5 /* GTLTasksTaskList.m */; };
		D62EC18A16FCC8C0005E65F5 /* GTLTasksTaskLists.m in Sources */ = {isa = PBXBuildFile; fileRef = D62EC18116FCC8C0005E65F5 /* GTLTasksTaskLists.m */; };
		D62EC18B16FCC8C0005E65F5 /* GTLTasksTasks.m in Sources */ = {isa = PBXBuildFile; fileRef = D62EC18316FCC8C0005E65F5 /* GTLTasksTasks.m */; };
		D62EC18E16FCCB7C005E65F5 /* GTL.framework in Frameworks */ = {isa = PBXBuildFile; fileRef = D62EC16B16FCC862005E65F5 /* GTL.framework */; };
		D6D3CCA116F2440B003C0434 /* Default-568h@2x.png in Resources */ = {isa = PBXBuildFile; fileRef = D6D3CCA016F2440B003C0434 /* Default-568h@2x.png */; };
		D6D3CD0616F24CD9003C0434 /* GTMOAuth2ViewTouch.xib in Resources */ = {isa = PBXBuildFile; fileRef = D6D3CD0516F24CD9003C0434 /* GTMOAuth2ViewTouch.xib */; };
		D6D3CD5816F25307003C0434 /* SHCViewController.xib in Resources */ = {isa = PBXBuildFile; fileRef = D6D3CD3B16F25307003C0434 /* SHCViewController.xib */; };
		D6D3CD5A16F25307003C0434 /* SHCAppDelegate.m in Sources */ = {isa = PBXBuildFile; fileRef = D6D3CD3F16F25307003C0434 /* SHCAppDelegate.m */; };
		D6D3CD5B16F25307003C0434 /* SHCMulticastDelegate.m in Sources */ = {isa = PBXBuildFile; fileRef = D6D3CD4116F25307003C0434 /* SHCMulticastDelegate.m */; };
		D6D3CD5C16F25307003C0434 /* SHCMulticastDelegateUITableViewDelegate.m in Sources */ = {isa = PBXBuildFile; fileRef = D6D3CD4316F25307003C0434 /* SHCMulticastDelegateUITableViewDelegate.m */; };
		D6D3CD5D16F25307003C0434 /* SHCPinchToAddNewBehaviour.m in Sources */ = {isa = PBXBuildFile; fileRef = D6D3CD4516F25307003C0434 /* SHCPinchToAddNewBehaviour.m */; };
		D6D3CD5E16F25307003C0434 /* SHCPullToAddNewBehaviour.m in Sources */ = {isa = PBXBuildFile; fileRef = D6D3CD4716F25307003C0434 /* SHCPullToAddNewBehaviour.m */; };
		D6D3CD5F16F25307003C0434 /* SHCStrikethroughLabel.m in Sources */ = {isa = PBXBuildFile; fileRef = D6D3CD4916F25307003C0434 /* SHCStrikethroughLabel.m */; };
		D6D3CD6016F25307003C0434 /* SHCTableView+Multicast.m in Sources */ = {isa = PBXBuildFile; fileRef = D6D3CD4B16F25307003C0434 /* SHCTableView+Multicast.m */; };
		D6D3CD6116F25307003C0434 /* SHCTableView.m in Sources */ = {isa = PBXBuildFile; fileRef = D6D3CD4D16F25307003C0434 /* SHCTableView.m */; };
		D6D3CD6216F25307003C0434 /* SHCTableViewCell.m in Sources */ = {isa = PBXBuildFile; fileRef = D6D3CD4F16F25307003C0434 /* SHCTableViewCell.m */; };
		D6D3CD6316F25307003C0434 /* SHCToDoItem.m in Sources */ = {isa = PBXBuildFile; fileRef = D6D3CD5316F25307003C0434 /* SHCToDoItem.m */; };
		D6D3CD6416F25307003C0434 /* SHCViewController.m in Sources */ = {isa = PBXBuildFile; fileRef = D6D3CD5516F25307003C0434 /* SHCViewController.m */; };
		D6D3CD6616F253BE003C0434 /* QuartzCore.framework in Frameworks */ = {isa = PBXBuildFile; fileRef = D6D3CD6516F253BE003C0434 /* QuartzCore.framework */; };
/* End PBXBuildFile section */

/* Begin PBXContainerItemProxy section */
		D62EC16A16FCC862005E65F5 /* PBXContainerItemProxy */ = {
			isa = PBXContainerItemProxy;
			containerPortal = D62EC16316FCC861005E65F5 /* GTL.xcodeproj */;
			proxyType = 2;
			remoteGlobalIDString = 4F38F6A60B66E91D00B24B81;
			remoteInfo = GTLFramework;
		};
		D62EC16C16FCC862005E65F5 /* PBXContainerItemProxy */ = {
			isa = PBXContainerItemProxy;
			containerPortal = D62EC16316FCC861005E65F5 /* GTL.xcodeproj */;
			proxyType = 2;
			remoteGlobalIDString = 4F12027C11A4CA2F00BEB470;
			remoteInfo = GTLTouchStaticLib;
		};
		D62EC16E16FCC862005E65F5 /* PBXContainerItemProxy */ = {
			isa = PBXContainerItemProxy;
			containerPortal = D62EC16316FCC861005E65F5 /* GTL.xcodeproj */;
			proxyType = 2;
			remoteGlobalIDString = 4F12027D11A4CA2F00BEB470;
			remoteInfo = GTLUnitTests;
		};
		D62EC17016FCC862005E65F5 /* PBXContainerItemProxy */ = {
			isa = PBXContainerItemProxy;
			containerPortal = D62EC16316FCC861005E65F5 /* GTL.xcodeproj */;
			proxyType = 2;
			remoteGlobalIDString = 4F1AD9020B71603F00DC0485;
			remoteInfo = DevelopmentTestTool;
		};
		D62EC19016FCCC73005E65F5 /* PBXContainerItemProxy */ = {
			isa = PBXContainerItemProxy;
			containerPortal = D62EC16316FCC861005E65F5 /* GTL.xcodeproj */;
			proxyType = 1;
			remoteGlobalIDString = 4F38F6A50B66E91D00B24B81;
			remoteInfo = GTLFramework;
		};
/* End PBXContainerItemProxy section */

/* Begin PBXFileReference section */
		1301BB44119CB4B100A33D6C /* OAuth2SampleMainiPad.xib */ = {isa = PBXFileReference; lastKnownFileType = file.xib; path = OAuth2SampleMainiPad.xib; sourceTree = "<group>"; };
		1397AC501137075C00DE52FD /* Security.framework */ = {isa = PBXFileReference; lastKnownFileType = wrapper.framework; name = Security.framework; path = System/Library/Frameworks/Security.framework; sourceTree = SDKROOT; };
		13C82E9211373B3000ACAEDD /* mainTouch.m */ = {isa = PBXFileReference; fileEncoding = 4; lastKnownFileType = sourcecode.c.objc; path = mainTouch.m; sourceTree = "<group>"; };
		13C82E9311373B3000ACAEDD /* AppDelegate.h */ = {isa = PBXFileReference; fileEncoding = 4; lastKnownFileType = sourcecode.c.h; path = AppDelegate.h; sourceTree = "<group>"; };
		13C82E9411373B3000ACAEDD /* AppDelegate.m */ = {isa = PBXFileReference; fileEncoding = 4; lastKnownFileType = sourcecode.c.objc; path = AppDelegate.m; sourceTree = "<group>"; };
		13C82E9511373B3000ACAEDD /* RootViewController.h */ = {isa = PBXFileReference; fileEncoding = 4; lastKnownFileType = sourcecode.c.h; path = RootViewController.h; sourceTree = "<group>"; };
		13C82E9611373B3000ACAEDD /* RootViewController.m */ = {isa = PBXFileReference; fileEncoding = 4; lastKnownFileType = sourcecode.c.objc; path = RootViewController.m; sourceTree = "<group>"; };
		13C82E9711373B3000ACAEDD /* prefixTouch.pch */ = {isa = PBXFileReference; fileEncoding = 4; lastKnownFileType = sourcecode.c.h; path = prefixTouch.pch; sourceTree = "<group>"; };
		13E350B0119CA9AE00B2EB5A /* gTask.app */ = {isa = PBXFileReference; explicitFileType = wrapper.application; includeInIndex = 0; path = gTask.app; sourceTree = BUILT_PRODUCTS_DIR; };
		13FA93DF113867A700E1AAA4 /* README.txt */ = {isa = PBXFileReference; fileEncoding = 4; lastKnownFileType = text; path = README.txt; sourceTree = "<group>"; };
		1D30AB110D05D00D00671497 /* Foundation.framework */ = {isa = PBXFileReference; lastKnownFileType = wrapper.framework; name = Foundation.framework; path = System/Library/Frameworks/Foundation.framework; sourceTree = SDKROOT; };
		1DF5F4DF0D08C38300B7A737 /* UIKit.framework */ = {isa = PBXFileReference; lastKnownFileType = wrapper.framework; name = UIKit.framework; path = System/Library/Frameworks/UIKit.framework; sourceTree = SDKROOT; };
		2892E40F0DC94CBA00A64D0F /* CoreGraphics.framework */ = {isa = PBXFileReference; lastKnownFileType = wrapper.framework; name = CoreGraphics.framework; path = System/Library/Frameworks/CoreGraphics.framework; sourceTree = SDKROOT; };
		4F244810121F253B00FEE1DA /* OAuth2SampleMainTouch.xib */ = {isa = PBXFileReference; lastKnownFileType = file.xib; path = OAuth2SampleMainTouch.xib; sourceTree = "<group>"; };
		4FF23DC011754C0300E96C5A /* SystemConfiguration.framework */ = {isa = PBXFileReference; lastKnownFileType = wrapper.framework; name = SystemConfiguration.framework; path = System/Library/Frameworks/SystemConfiguration.framework; sourceTree = SDKROOT; };
		D62EC15E16FCC2C5005E65F5 /* TaskListViewController.h */ = {isa = PBXFileReference; fileEncoding = 4; lastKnownFileType = sourcecode.c.h; path = TaskListViewController.h; sourceTree = "<group>"; };
		D62EC15F16FCC2C5005E65F5 /* TaskListViewController.m */ = {isa = PBXFileReference; fileEncoding = 4; lastKnownFileType = sourcecode.c.objc; path = TaskListViewController.m; sourceTree = "<group>"; };
		D62EC16016FCC2C5005E65F5 /* TaskListViewController.xib */ = {isa = PBXFileReference; fileEncoding = 4; lastKnownFileType = file.xib; path = TaskListViewController.xib; sourceTree = "<group>"; };
		D62EC16316FCC861005E65F5 /* GTL.xcodeproj */ = {isa = PBXFileReference; lastKnownFileType = "wrapper.pb-project"; name = GTL.xcodeproj; path = "../../../Downloads/google-api-objectivec-client-read-only/Source/GTL.xcodeproj"; sourceTree = "<group>"; };
		D62EC17416FCC8C0005E65F5 /* GTLQueryTasks.h */ = {isa = PBXFileReference; fileEncoding = 4; lastKnownFileType = sourcecode.c.h; path = GTLQueryTasks.h; sourceTree = "<group>"; };
		D62EC17516FCC8C0005E65F5 /* GTLQueryTasks.m */ = {isa = PBXFileReference; fileEncoding = 4; lastKnownFileType = sourcecode.c.objc; path = GTLQueryTasks.m; sourceTree = "<group>"; };
		D62EC17616FCC8C0005E65F5 /* GTLServiceTasks.h */ = {isa = PBXFileReference; fileEncoding = 4; lastKnownFileType = sourcecode.c.h; path = GTLServiceTasks.h; sourceTree = "<group>"; };
		D62EC17716FCC8C0005E65F5 /* GTLServiceTasks.m */ = {isa = PBXFileReference; fileEncoding = 4; lastKnownFileType = sourcecode.c.objc; path = GTLServiceTasks.m; sourceTree = "<group>"; };
		D62EC17816FCC8C0005E65F5 /* GTLTasks.h */ = {isa = PBXFileReference; fileEncoding = 4; lastKnownFileType = sourcecode.c.h; path = GTLTasks.h; sourceTree = "<group>"; };
		D62EC17916FCC8C0005E65F5 /* GTLTasks_Sources.m */ = {isa = PBXFileReference; fileEncoding = 4; lastKnownFileType = sourcecode.c.objc; path = GTLTasks_Sources.m; sourceTree = "<group>"; };
		D62EC17A16FCC8C0005E65F5 /* GTLTasksConstants.h */ = {isa = PBXFileReference; fileEncoding = 4; lastKnownFileType = sourcecode.c.h; path = GTLTasksConstants.h; sourceTree = "<group>"; };
		D62EC17B16FCC8C0005E65F5 /* GTLTasksConstants.m */ = {isa = PBXFileReference; fileEncoding = 4; lastKnownFileType = sourcecode.c.objc; path = GTLTasksConstants.m; sourceTree = "<group>"; };
		D62EC17C16FCC8C0005E65F5 /* GTLTasksTask.h */ = {isa = PBXFileReference; fileEncoding = 4; lastKnownFileType = sourcecode.c.h; path = GTLTasksTask.h; sourceTree = "<group>"; };
		D62EC17D16FCC8C0005E65F5 /* GTLTasksTask.m */ = {isa = PBXFileReference; fileEncoding = 4; lastKnownFileType = sourcecode.c.objc; path = GTLTasksTask.m; sourceTree = "<group>"; };
		D62EC17E16FCC8C0005E65F5 /* GTLTasksTaskList.h */ = {isa = PBXFileReference; fileEncoding = 4; lastKnownFileType = sourcecode.c.h; path = GTLTasksTaskList.h; sourceTree = "<group>"; };
		D62EC17F16FCC8C0005E65F5 /* GTLTasksTaskList.m */ = {isa = PBXFileReference; fileEncoding = 4; lastKnownFileType = sourcecode.c.objc; path = GTLTasksTaskList.m; sourceTree = "<group>"; };
		D62EC18016FCC8C0005E65F5 /* GTLTasksTaskLists.h */ = {isa = PBXFileReference; fileEncoding = 4; lastKnownFileType = sourcecode.c.h; path = GTLTasksTaskLists.h; sourceTree = "<group>"; };
		D62EC18116FCC8C0005E65F5 /* GTLTasksTaskLists.m */ = {isa = PBXFileReference; fileEncoding = 4; lastKnownFileType = sourcecode.c.objc; path = GTLTasksTaskLists.m; sourceTree = "<group>"; };
		D62EC18216FCC8C0005E65F5 /* GTLTasksTasks.h */ = {isa = PBXFileReference; fileEncoding = 4; lastKnownFileType = sourcecode.c.h; path = GTLTasksTasks.h; sourceTree = "<group>"; };
		D62EC18316FCC8C0005E65F5 /* GTLTasksTasks.m */ = {isa = PBXFileReference; fileEncoding = 4; lastKnownFileType = sourcecode.c.objc; path = GTLTasksTasks.m; sourceTree = "<group>"; };
		D6D3CCA016F2440B003C0434 /* Default-568h@2x.png */ = {isa = PBXFileReference; lastKnownFileType = image.png; path = "Default-568h@2x.png"; sourceTree = "<group>"; };
		D6D3CD0516F24CD9003C0434 /* GTMOAuth2ViewTouch.xib */ = {isa = PBXFileReference; fileEncoding = 4; lastKnownFileType = file.xib; path = GTMOAuth2ViewTouch.xib; sourceTree = "<group>"; };
		D6D3CD3C16F25307003C0434 /* en */ = {isa = PBXFileReference; lastKnownFileType = file.xib; name = en; path = en.lproj/SHCViewController.xib; sourceTree = "<group>"; };
		D6D3CD3E16F25307003C0434 /* SHCAppDelegate.h */ = {isa = PBXFileReference; fileEncoding = 4; lastKnownFileType = sourcecode.c.h; path = SHCAppDelegate.h; sourceTree = "<group>"; };
		D6D3CD3F16F25307003C0434 /* SHCAppDelegate.m */ = {isa = PBXFileReference; fileEncoding = 4; lastKnownFileType = sourcecode.c.objc; path = SHCAppDelegate.m; sourceTree = "<group>"; };
		D6D3CD4016F25307003C0434 /* SHCMulticastDelegate.h */ = {isa = PBXFileReference; fileEncoding = 4; lastKnownFileType = sourcecode.c.h; path = SHCMulticastDelegate.h; sourceTree = "<group>"; };
		D6D3CD4116F25307003C0434 /* SHCMulticastDelegate.m */ = {isa = PBXFileReference; fileEncoding = 4; lastKnownFileType = sourcecode.c.objc; path = SHCMulticastDelegate.m; sourceTree = "<group>"; };
		D6D3CD4216F25307003C0434 /* SHCMulticastDelegateUITableViewDelegate.h */ = {isa = PBXFileReference; fileEncoding = 4; lastKnownFileType = sourcecode.c.h; path = SHCMulticastDelegateUITableViewDelegate.h; sourceTree = "<group>"; };
		D6D3CD4316F25307003C0434 /* SHCMulticastDelegateUITableViewDelegate.m */ = {isa = PBXFileReference; fileEncoding = 4; lastKnownFileType = sourcecode.c.objc; path = SHCMulticastDelegateUITableViewDelegate.m; sourceTree = "<group>"; };
		D6D3CD4416F25307003C0434 /* SHCPinchToAddNewBehaviour.h */ = {isa = PBXFileReference; fileEncoding = 4; lastKnownFileType = sourcecode.c.h; path = SHCPinchToAddNewBehaviour.h; sourceTree = "<group>"; };
		D6D3CD4516F25307003C0434 /* SHCPinchToAddNewBehaviour.m */ = {isa = PBXFileReference; fileEncoding = 4; lastKnownFileType = sourcecode.c.objc; path = SHCPinchToAddNewBehaviour.m; sourceTree = "<group>"; };
		D6D3CD4616F25307003C0434 /* SHCPullToAddNewBehaviour.h */ = {isa = PBXFileReference; fileEncoding = 4; lastKnownFileType = sourcecode.c.h; path = SHCPullToAddNewBehaviour.h; sourceTree = "<group>"; };
		D6D3CD4716F25307003C0434 /* SHCPullToAddNewBehaviour.m */ = {isa = PBXFileReference; fileEncoding = 4; lastKnownFileType = sourcecode.c.objc; path = SHCPullToAddNewBehaviour.m; sourceTree = "<group>"; };
		D6D3CD4816F25307003C0434 /* SHCStrikethroughLabel.h */ = {isa = PBXFileReference; fileEncoding = 4; lastKnownFileType = sourcecode.c.h; path = SHCStrikethroughLabel.h; sourceTree = "<group>"; };
		D6D3CD4916F25307003C0434 /* SHCStrikethroughLabel.m */ = {isa = PBXFileReference; fileEncoding = 4; lastKnownFileType = sourcecode.c.objc; path = SHCStrikethroughLabel.m; sourceTree = "<group>"; };
		D6D3CD4A16F25307003C0434 /* SHCTableView+Multicast.h */ = {isa = PBXFileReference; fileEncoding = 4; lastKnownFileType = sourcecode.c.h; path = "SHCTableView+Multicast.h"; sourceTree = "<group>"; };
		D6D3CD4B16F25307003C0434 /* SHCTableView+Multicast.m */ = {isa = PBXFileReference; fileEncoding = 4; lastKnownFileType = sourcecode.c.objc; path = "SHCTableView+Multicast.m"; sourceTree = "<group>"; };
		D6D3CD4C16F25307003C0434 /* SHCTableView.h */ = {isa = PBXFileReference; fileEncoding = 4; lastKnownFileType = sourcecode.c.h; path = SHCTableView.h; sourceTree = "<group>"; };
		D6D3CD4D16F25307003C0434 /* SHCTableView.m */ = {isa = PBXFileReference; fileEncoding = 4; lastKnownFileType = sourcecode.c.objc; path = SHCTableView.m; sourceTree = "<group>"; };
		D6D3CD4E16F25307003C0434 /* SHCTableViewCell.h */ = {isa = PBXFileReference; fileEncoding = 4; lastKnownFileType = sourcecode.c.h; path = SHCTableViewCell.h; sourceTree = "<group>"; };
		D6D3CD4F16F25307003C0434 /* SHCTableViewCell.m */ = {isa = PBXFileReference; fileEncoding = 4; lastKnownFileType = sourcecode.c.objc; path = SHCTableViewCell.m; sourceTree = "<group>"; };
		D6D3CD5016F25307003C0434 /* SHCTableViewCellDelegate.h */ = {isa = PBXFileReference; fileEncoding = 4; lastKnownFileType = sourcecode.c.h; path = SHCTableViewCellDelegate.h; sourceTree = "<group>"; };
		D6D3CD5116F25307003C0434 /* SHCTableViewDataSource.h */ = {isa = PBXFileReference; fileEncoding = 4; lastKnownFileType = sourcecode.c.h; path = SHCTableViewDataSource.h; sourceTree = "<group>"; };
		D6D3CD5216F25307003C0434 /* SHCToDoItem.h */ = {isa = PBXFileReference; fileEncoding = 4; lastKnownFileType = sourcecode.c.h; path = SHCToDoItem.h; sourceTree = "<group>"; };
		D6D3CD5316F25307003C0434 /* SHCToDoItem.m */ = {isa = PBXFileReference; fileEncoding = 4; lastKnownFileType = sourcecode.c.objc; path = SHCToDoItem.m; sourceTree = "<group>"; };
		D6D3CD5416F25307003C0434 /* SHCViewController.h */ = {isa = PBXFileReference; fileEncoding = 4; lastKnownFileType = sourcecode.c.h; path = SHCViewController.h; sourceTree = "<group>"; };
		D6D3CD5516F25307003C0434 /* SHCViewController.m */ = {isa = PBXFileReference; fileEncoding = 4; lastKnownFileType = sourcecode.c.objc; path = SHCViewController.m; sourceTree = "<group>"; };
		D6D3CD6516F253BE003C0434 /* QuartzCore.framework */ = {isa = PBXFileReference; lastKnownFileType = wrapper.framework; name = QuartzCore.framework; path = System/Library/Frameworks/QuartzCore.framework; sourceTree = SDKROOT; };
		F49B45D213315AA200EAA732 /* Info.plist */ = {isa = PBXFileReference; fileEncoding = 4; lastKnownFileType = text.plist.xml; path = Info.plist; sourceTree = "<group>"; };
/* End PBXFileReference section */

/* Begin PBXFrameworksBuildPhase section */
		13E350A7119CA9AE00B2EB5A /* Frameworks */ = {
			isa = PBXFrameworksBuildPhase;
			buildActionMask = 2147483647;
			files = (
				D62EC18E16FCCB7C005E65F5 /* GTL.framework in Frameworks */,
				D6D3CD6616F253BE003C0434 /* QuartzCore.framework in Frameworks */,
				13E350A8119CA9AE00B2EB5A /* Foundation.framework in Frameworks */,
				13E350A9119CA9AE00B2EB5A /* UIKit.framework in Frameworks */,
				13E350AA119CA9AE00B2EB5A /* CoreGraphics.framework in Frameworks */,
				13E350AB119CA9AE00B2EB5A /* Security.framework in Frameworks */,
				13E350AC119CA9AE00B2EB5A /* SystemConfiguration.framework in Frameworks */,
			);
			runOnlyForDeploymentPostprocessing = 0;
		};
/* End PBXFrameworksBuildPhase section */

/* Begin PBXGroup section */
		13C82E9111373B3000ACAEDD /* Classes */ = {
			isa = PBXGroup;
			children = (
				13C82E9311373B3000ACAEDD /* AppDelegate.h */,
				13C82E9411373B3000ACAEDD /* AppDelegate.m */,
				13C82E9511373B3000ACAEDD /* RootViewController.h */,
				13C82E9611373B3000ACAEDD /* RootViewController.m */,
				13C82E9B11373B6A00ACAEDD /* Resources */,
				D62EC15E16FCC2C5005E65F5 /* TaskListViewController.h */,
				D62EC15F16FCC2C5005E65F5 /* TaskListViewController.m */,
				D62EC16016FCC2C5005E65F5 /* TaskListViewController.xib */,
			);
			name = Classes;
			sourceTree = "<group>";
		};
		13C82E9B11373B6A00ACAEDD /* Resources */ = {
			isa = PBXGroup;
			children = (
				D6D3CD0516F24CD9003C0434 /* GTMOAuth2ViewTouch.xib */,
				4F244810121F253B00FEE1DA /* OAuth2SampleMainTouch.xib */,
				1301BB44119CB4B100A33D6C /* OAuth2SampleMainiPad.xib */,
				F49B45D213315AA200EAA732 /* Info.plist */,
			);
			name = Resources;
			sourceTree = "<group>";
		};
		19C28FACFE9D520D11CA2CBB /* Products */ = {
			isa = PBXGroup;
			children = (
				13E350B0119CA9AE00B2EB5A /* gTask.app */,
			);
			name = Products;
			sourceTree = "<group>";
		};
		29B97314FDCFA39411CA2CEA /* CustomTemplate */ = {
			isa = PBXGroup;
			children = (
				D62EC17316FCC8C0005E65F5 /* TaskService */,
				D62EC16316FCC861005E65F5 /* GTL.xcodeproj */,
				D6D3CD6516F253BE003C0434 /* QuartzCore.framework */,
				D6D3CD3616F25307003C0434 /* ClearStyle */,
				D6D3CCA016F2440B003C0434 /* Default-568h@2x.png */,
				13FA93DF113867A700E1AAA4 /* README.txt */,
				13C82E9111373B3000ACAEDD /* Classes */,
				29B97315FDCFA39411CA2CEA /* Other App Sources */,
				29B97323FDCFA39411CA2CEA /* System Frameworks */,
				19C28FACFE9D520D11CA2CBB /* Products */,
			);
			name = CustomTemplate;
			sourceTree = "<group>";
		};
		29B97315FDCFA39411CA2CEA /* Other App Sources */ = {
			isa = PBXGroup;
			children = (
				13C82E9211373B3000ACAEDD /* mainTouch.m */,
				13C82E9711373B3000ACAEDD /* prefixTouch.pch */,
			);
			name = "Other App Sources";
			sourceTree = "<group>";
		};
		29B97323FDCFA39411CA2CEA /* System Frameworks */ = {
			isa = PBXGroup;
			children = (
				4FF23DC011754C0300E96C5A /* SystemConfiguration.framework */,
				1D30AB110D05D00D00671497 /* Foundation.framework */,
				2892E40F0DC94CBA00A64D0F /* CoreGraphics.framework */,
				1397AC501137075C00DE52FD /* Security.framework */,
				1DF5F4DF0D08C38300B7A737 /* UIKit.framework */,
			);
			name = "System Frameworks";
			sourceTree = "<group>";
		};
		D62EC16416FCC861005E65F5 /* Products */ = {
			isa = PBXGroup;
			children = (
				D62EC16B16FCC862005E65F5 /* GTL.framework */,
				D62EC16D16FCC862005E65F5 /* libGTLTouchStaticLib.a */,
				D62EC16F16FCC862005E65F5 /* GTLUnitTests.octest */,
				D62EC17116FCC862005E65F5 /* DevelopmentTestTool */,
			);
			name = Products;
			sourceTree = "<group>";
		};
		D62EC17316FCC8C0005E65F5 /* TaskService */ = {
			isa = PBXGroup;
			children = (
				D62EC17416FCC8C0005E65F5 /* GTLQueryTasks.h */,
				D62EC17516FCC8C0005E65F5 /* GTLQueryTasks.m */,
				D62EC17616FCC8C0005E65F5 /* GTLServiceTasks.h */,
				D62EC17716FCC8C0005E65F5 /* GTLServiceTasks.m */,
				D62EC17816FCC8C0005E65F5 /* GTLTasks.h */,
				D62EC17916FCC8C0005E65F5 /* GTLTasks_Sources.m */,
				D62EC17A16FCC8C0005E65F5 /* GTLTasksConstants.h */,
				D62EC17B16FCC8C0005E65F5 /* GTLTasksConstants.m */,
				D62EC17C16FCC8C0005E65F5 /* GTLTasksTask.h */,
				D62EC17D16FCC8C0005E65F5 /* GTLTasksTask.m */,
				D62EC17E16FCC8C0005E65F5 /* GTLTasksTaskList.h */,
				D62EC17F16FCC8C0005E65F5 /* GTLTasksTaskList.m */,
				D62EC18016FCC8C0005E65F5 /* GTLTasksTaskLists.h */,
				D62EC18116FCC8C0005E65F5 /* GTLTasksTaskLists.m */,
				D62EC18216FCC8C0005E65F5 /* GTLTasksTasks.h */,
				D62EC18316FCC8C0005E65F5 /* GTLTasksTasks.m */,
			);
			name = TaskService;
			path = GoogleAPI/TaskService;
			sourceTree = "<group>";
		};
		D6D3CD3616F25307003C0434 /* ClearStyle */ = {
			isa = PBXGroup;
			children = (
				D6D3CD3B16F25307003C0434 /* SHCViewController.xib */,
				D6D3CD3E16F25307003C0434 /* SHCAppDelegate.h */,
				D6D3CD3F16F25307003C0434 /* SHCAppDelegate.m */,
				D6D3CD4016F25307003C0434 /* SHCMulticastDelegate.h */,
				D6D3CD4116F25307003C0434 /* SHCMulticastDelegate.m */,
				D6D3CD4216F25307003C0434 /* SHCMulticastDelegateUITableViewDelegate.h */,
				D6D3CD4316F25307003C0434 /* SHCMulticastDelegateUITableViewDelegate.m */,
				D6D3CD4416F25307003C0434 /* SHCPinchToAddNewBehaviour.h */,
				D6D3CD4516F25307003C0434 /* SHCPinchToAddNewBehaviour.m */,
				D6D3CD4616F25307003C0434 /* SHCPullToAddNewBehaviour.h */,
				D6D3CD4716F25307003C0434 /* SHCPullToAddNewBehaviour.m */,
				D6D3CD4816F25307003C0434 /* SHCStrikethroughLabel.h */,
				D6D3CD4916F25307003C0434 /* SHCStrikethroughLabel.m */,
				D6D3CD4A16F25307003C0434 /* SHCTableView+Multicast.h */,
				D6D3CD4B16F25307003C0434 /* SHCTableView+Multicast.m */,
				D6D3CD4C16F25307003C0434 /* SHCTableView.h */,
				D6D3CD4D16F25307003C0434 /* SHCTableView.m */,
				D6D3CD4E16F25307003C0434 /* SHCTableViewCell.h */,
				D6D3CD4F16F25307003C0434 /* SHCTableViewCell.m */,
				D6D3CD5016F25307003C0434 /* SHCTableViewCellDelegate.h */,
				D6D3CD5116F25307003C0434 /* SHCTableViewDataSource.h */,
				D6D3CD5216F25307003C0434 /* SHCToDoItem.h */,
				D6D3CD5316F25307003C0434 /* SHCToDoItem.m */,
				D6D3CD5416F25307003C0434 /* SHCViewController.h */,
				D6D3CD5516F25307003C0434 /* SHCViewController.m */,
			);
			path = ClearStyle;
			sourceTree = "<group>";
		};
/* End PBXGroup section */

/* Begin PBXNativeTarget section */
		13E3509B119CA9AE00B2EB5A /* gTask */ = {
			isa = PBXNativeTarget;
			buildConfigurationList = 13E350AD119CA9AE00B2EB5A /* Build configuration list for PBXNativeTarget "gTask" */;
			buildPhases = (
				13E3509C119CA9AE00B2EB5A /* Resources */,
				13E3509F119CA9AE00B2EB5A /* Sources */,
				13E350A7119CA9AE00B2EB5A /* Frameworks */,
			);
			buildRules = (
			);
			dependencies = (
				D62EC19116FCCC73005E65F5 /* PBXTargetDependency */,
			);
			name = gTask;
			productName = OAuthTouchSample;
			productReference = 13E350B0119CA9AE00B2EB5A /* gTask.app */;
			productType = "com.apple.product-type.application";
		};
/* End PBXNativeTarget section */

/* Begin PBXProject section */
		29B97313FDCFA39411CA2CEA /* Project object */ = {
			isa = PBXProject;
			buildConfigurationList = C01FCF4E08A954540054247B /* Build configuration list for PBXProject "gTask" */;
			compatibilityVersion = "Xcode 3.2";
			developmentRegion = English;
			hasScannedForEncodings = 1;
			knownRegions = (
				English,
				Japanese,
				French,
				German,
				en,
			);
			mainGroup = 29B97314FDCFA39411CA2CEA /* CustomTemplate */;
			projectDirPath = "";
			projectReferences = (
				{
					ProductGroup = D62EC16416FCC861005E65F5 /* Products */;
					ProjectRef = D62EC16316FCC861005E65F5 /* GTL.xcodeproj */;
				},
			);
			projectRoot = "";
			targets = (
				13E3509B119CA9AE00B2EB5A /* gTask */,
			);
		};
/* End PBXProject section */

/* Begin PBXReferenceProxy section */
		D62EC16B16FCC862005E65F5 /* GTL.framework */ = {
			isa = PBXReferenceProxy;
			fileType = wrapper.framework;
			path = GTL.framework;
			remoteRef = D62EC16A16FCC862005E65F5 /* PBXContainerItemProxy */;
			sourceTree = BUILT_PRODUCTS_DIR;
		};
		D62EC16D16FCC862005E65F5 /* libGTLTouchStaticLib.a */ = {
			isa = PBXReferenceProxy;
			fileType = archive.ar;
			path = libGTLTouchStaticLib.a;
			remoteRef = D62EC16C16FCC862005E65F5 /* PBXContainerItemProxy */;
			sourceTree = BUILT_PRODUCTS_DIR;
		};
		D62EC16F16FCC862005E65F5 /* GTLUnitTests.octest */ = {
			isa = PBXReferenceProxy;
			fileType = wrapper.cfbundle;
			path = GTLUnitTests.octest;
			remoteRef = D62EC16E16FCC862005E65F5 /* PBXContainerItemProxy */;
			sourceTree = BUILT_PRODUCTS_DIR;
		};
		D62EC17116FCC862005E65F5 /* DevelopmentTestTool */ = {
			isa = PBXReferenceProxy;
			fileType = "compiled.mach-o.executable";
			path = DevelopmentTestTool;
			remoteRef = D62EC17016FCC862005E65F5 /* PBXContainerItemProxy */;
			sourceTree = BUILT_PRODUCTS_DIR;
		};
/* End PBXReferenceProxy section */

/* Begin PBXResourcesBuildPhase section */
		13E3509C119CA9AE00B2EB5A /* Resources */ = {
			isa = PBXResourcesBuildPhase;
			buildActionMask = 2147483647;
			files = (
				4F244813121F263E00FEE1DA /* OAuth2SampleMainTouch.xib in Resources */,
				1301BB45119CB4B100A33D6C /* OAuth2SampleMainiPad.xib in Resources */,
				D6D3CCA116F2440B003C0434 /* Default-568h@2x.png in Resources */,
				D6D3CD0616F24CD9003C0434 /* GTMOAuth2ViewTouch.xib in Resources */,
				D6D3CD5816F25307003C0434 /* SHCViewController.xib in Resources */,
				D62EC16216FCC2C5005E65F5 /* TaskListViewController.xib in Resources */,
			);
			runOnlyForDeploymentPostprocessing = 0;
		};
/* End PBXResourcesBuildPhase section */

/* Begin PBXSourcesBuildPhase section */
		13E3509F119CA9AE00B2EB5A /* Sources */ = {
			isa = PBXSourcesBuildPhase;
			buildActionMask = 2147483647;
			files = (
				13E350A0119CA9AE00B2EB5A /* mainTouch.m in Sources */,
				13E350A1119CA9AE00B2EB5A /* AppDelegate.m in Sources */,
				13E350A2119CA9AE00B2EB5A /* RootViewController.m in Sources */,
				D6D3CD5A16F25307003C0434 /* SHCAppDelegate.m in Sources */,
				D6D3CD5B16F25307003C0434 /* SHCMulticastDelegate.m in Sources */,
				D6D3CD5C16F25307003C0434 /* SHCMulticastDelegateUITableViewDelegate.m in Sources */,
				D6D3CD5D16F25307003C0434 /* SHCPinchToAddNewBehaviour.m in Sources */,
				D6D3CD5E16F25307003C0434 /* SHCPullToAddNewBehaviour.m in Sources */,
				D6D3CD5F16F25307003C0434 /* SHCStrikethroughLabel.m in Sources */,
				D6D3CD6016F25307003C0434 /* SHCTableView+Multicast.m in Sources */,
				D6D3CD6116F25307003C0434 /* SHCTableView.m in Sources */,
				D6D3CD6216F25307003C0434 /* SHCTableViewCell.m in Sources */,
				D6D3CD6316F25307003C0434 /* SHCToDoItem.m in Sources */,
				D6D3CD6416F25307003C0434 /* SHCViewController.m in Sources */,
				D62EC16116FCC2C5005E65F5 /* TaskListViewController.m in Sources */,
				D62EC18416FCC8C0005E65F5 /* GTLQueryTasks.m in Sources */,
				D62EC18516FCC8C0005E65F5 /* GTLServiceTasks.m in Sources */,
				D62EC18616FCC8C0005E65F5 /* GTLTasks_Sources.m in Sources */,
				D62EC18716FCC8C0005E65F5 /* GTLTasksConstants.m in Sources */,
				D62EC18816FCC8C0005E65F5 /* GTLTasksTask.m in Sources */,
				D62EC18916FCC8C0005E65F5 /* GTLTasksTaskList.m in Sources */,
				D62EC18A16FCC8C0005E65F5 /* GTLTasksTaskLists.m in Sources */,
				D62EC18B16FCC8C0005E65F5 /* GTLTasksTasks.m in Sources */,
			);
			runOnlyForDeploymentPostprocessing = 0;
		};
/* End PBXSourcesBuildPhase section */

/* Begin PBXTargetDependency section */
		D62EC19116FCCC73005E65F5 /* PBXTargetDependency */ = {
			isa = PBXTargetDependency;
			name = GTLFramework;
			targetProxy = D62EC19016FCCC73005E65F5 /* PBXContainerItemProxy */;
		};
/* End PBXTargetDependency section */

/* Begin PBXVariantGroup section */
		D6D3CD3B16F25307003C0434 /* SHCViewController.xib */ = {
			isa = PBXVariantGroup;
			children = (
				D6D3CD3C16F25307003C0434 /* en */,
			);
			name = SHCViewController.xib;
			sourceTree = "<group>";
		};
/* End PBXVariantGroup section */

/* Begin XCBuildConfiguration section */
		13E350AE119CA9AE00B2EB5A /* Debug */ = {
			isa = XCBuildConfiguration;
			buildSettings = {
				ALWAYS_SEARCH_USER_PATHS = YES;
				CLANG_ENABLE_OBJC_ARC = YES;
				COPY_PHASE_STRIP = NO;
				GCC_DYNAMIC_NO_PIC = NO;
				GCC_OPTIMIZATION_LEVEL = 0;
				GCC_PRECOMPILE_PREFIX_HEADER = YES;
				GCC_PREFIX_HEADER = prefixTouch.pch;
				HEADER_SEARCH_PATHS = "$(PROJECT_DIR)/../**";
				INFOPLIST_FILE = Info.plist;
				IPHONEOS_DEPLOYMENT_TARGET = 6.0;
				LIBRARY_SEARCH_PATHS = (
					"$(inherited)",
					"$(TARGET_BUILD_DIR)/**",
				);
				ONLY_ACTIVE_ARCH = NO;
				OTHER_CFLAGS = (
					"-DDEBUG=1",
					"-DGTL_BUILT_AS_FRAMEWORK=1",
				);
				OTHER_LDFLAGS = "-ObjC";
				PRODUCT_NAME = gTask;
				TARGETED_DEVICE_FAMILY = "1,2";
			};
			name = Debug;
		};
		13E350AF119CA9AE00B2EB5A /* Release */ = {
			isa = XCBuildConfiguration;
			buildSettings = {
				ALWAYS_SEARCH_USER_PATHS = YES;
				CLANG_ENABLE_OBJC_ARC = YES;
				COPY_PHASE_STRIP = YES;
				GCC_PRECOMPILE_PREFIX_HEADER = YES;
				GCC_PREFIX_HEADER = prefixTouch.pch;
				HEADER_SEARCH_PATHS = "$(PROJECT_DIR)/../**";
				INFOPLIST_FILE = Info.plist;
				IPHONEOS_DEPLOYMENT_TARGET = 6.0;
				LIBRARY_SEARCH_PATHS = (
					"$(inherited)",
					"$(TARGET_BUILD_DIR)/**",
				);
				ONLY_ACTIVE_ARCH = NO;
				OTHER_CFLAGS = "-DGTL_BUILT_AS_FRAMEWORK=1";
				OTHER_LDFLAGS = "-ObjC";
				PRODUCT_NAME = gTask;
				TARGETED_DEVICE_FAMILY = "1,2";
			};
			name = Release;
		};
		C01FCF4F08A954540054247B /* Debug */ = {
			isa = XCBuildConfiguration;
			buildSettings = {
				ARCHS = "$(ARCHS_STANDARD_32_BIT)";
				"CODE_SIGN_IDENTITY[sdk=iphoneos*]" = "iPhone Developer";
				GCC_C_LANGUAGE_STANDARD = c99;
				GCC_TREAT_WARNINGS_AS_ERRORS = YES;
				GCC_WARN_ABOUT_RETURN_TYPE = YES;
				GCC_WARN_UNUSED_VARIABLE = YES;
				IPHONEOS_DEPLOYMENT_TARGET = 6.0;
				ONLY_ACTIVE_ARCH = NO;
				OTHER_CFLAGS = "-DDEBUG=1";
				OTHER_LDFLAGS = "-ObjC";
				SDKROOT = iphoneos;
			};
			name = Debug;
		};
		C01FCF5008A954540054247B /* Release */ = {
			isa = XCBuildConfiguration;
			buildSettings = {
				ARCHS = "$(ARCHS_STANDARD_32_BIT)";
				"CODE_SIGN_IDENTITY[sdk=iphoneos*]" = "iPhone Developer";
				GCC_C_LANGUAGE_STANDARD = c99;
				GCC_TREAT_WARNINGS_AS_ERRORS = YES;
				GCC_WARN_ABOUT_RETURN_TYPE = YES;
				GCC_WARN_UNUSED_VARIABLE = YES;
				IPHONEOS_DEPLOYMENT_TARGET = 6.0;
				ONLY_ACTIVE_ARCH = NO;
				OTHER_LDFLAGS = "-ObjC";
				SDKROOT = iphoneos;
			};
			name = Release;
		};
/* End XCBuildConfiguration section */

/* Begin XCConfigurationList section */
		13E350AD119CA9AE00B2EB5A /* Build configuration list for PBXNativeTarget "gTask" */ = {
			isa = XCConfigurationList;
			buildConfigurations = (
				13E350AE119CA9AE00B2EB5A /* Debug */,
				13E350AF119CA9AE00B2EB5A /* Release */,
			);
			defaultConfigurationIsVisible = 0;
			defaultConfigurationName = Release;
		};
		C01FCF4E08A954540054247B /* Build configuration list for PBXProject "gTask" */ = {
			isa = XCConfigurationList;
			buildConfigurations = (
				C01FCF4F08A954540054247B /* Debug */,
				C01FCF5008A954540054247B /* Release */,
			);
			defaultConfigurationIsVisible = 0;
			defaultConfigurationName = Release;
		};
/* End XCConfigurationList section */
	};
	rootObject = 29B97313FDCFA39411CA2CEA /* Project object */;
}
