// !$*UTF8*$!
{
	archiveVersion = 1;
	classes = {
	};
	objectVersion = 46;
	objects = {

/* Begin PBXBuildFile section */
		1301BB45119CB4B100A33D6C /* OAuth2SampleMainiPad.xib in Resources */ = {isa = PBXBuildFile; fileRef = 1301BB44119CB4B100A33D6C /* OAuth2SampleMainiPad.xib */; };
		13E350A0119CA9AE00B2EB5A /* mainTouch.m in Sources */ = {isa = PBXBuildFile; fileRef = 13C82E9211373B3000ACAEDD /* mainTouch.m */; };
		13E350A1119CA9AE00B2EB5A /* AppDelegate.m in Sources */ = {isa = PBXBuildFile; fileRef = 13C82E9411373B3000ACAEDD /* AppDelegate.m */; };
		13E350A2119CA9AE00B2EB5A /* RootViewController.m in Sources */ = {isa = PBXBuildFile; fileRef = 13C82E9611373B3000ACAEDD /* RootViewController.m */; };
		13E350A8119CA9AE00B2EB5A /* Foundation.framework in Frameworks */ = {isa = PBXBuildFile; fileRef = 1D30AB110D05D00D00671497 /* Foundation.framework */; };
		13E350A9119CA9AE00B2EB5A /* UIKit.framework in Frameworks */ = {isa = PBXBuildFile; fileRef = 1DF5F4DF0D08C38300B7A737 /* UIKit.framework */; };
		13E350AA119CA9AE00B2EB5A /* CoreGraphics.framework in Frameworks */ = {isa = PBXBuildFile; fileRef = 2892E40F0DC94CBA00A64D0F /* CoreGraphics.framework */; };
		13E350AB119CA9AE00B2EB5A /* Security.framework in Frameworks */ = {isa = PBXBuildFile; fileRef = 1397AC501137075C00DE52FD /* Security.framework */; };
		13E350AC119CA9AE00B2EB5A /* SystemConfiguration.framework in Frameworks */ = {isa = PBXBuildFile; fileRef = 4FF23DC011754C0300E96C5A /* SystemConfiguration.framework */; };
		4F244813121F263E00FEE1DA /* OAuth2SampleMainTouch.xib in Resources */ = {isa = PBXBuildFile; fileRef = 4F244810121F253B00FEE1DA /* OAuth2SampleMainTouch.xib */; };
		D62C364916FCD2C600EF8CDE /* GTLObject.m in Sources */ = {isa = PBXBuildFile; fileRef = D62C361516FCD2C500EF8CDE /* GTLObject.m */; settings = {COMPILER_FLAGS = "-fno-objc-arc"; }; };
		D62C364A16FCD2C600EF8CDE /* GTLQuery.m in Sources */ = {isa = PBXBuildFile; fileRef = D62C361716FCD2C500EF8CDE /* GTLQuery.m */; settings = {COMPILER_FLAGS = "-fno-objc-arc"; }; };
		D62C364B16FCD2C600EF8CDE /* GTLBatchQuery.m in Sources */ = {isa = PBXBuildFile; fileRef = D62C361916FCD2C500EF8CDE /* GTLBatchQuery.m */; settings = {COMPILER_FLAGS = "-fno-objc-arc"; }; };
		D62C364C16FCD2C600EF8CDE /* GTLService.m in Sources */ = {isa = PBXBuildFile; fileRef = D62C361B16FCD2C500EF8CDE /* GTLService.m */; settings = {COMPILER_FLAGS = "-fno-objc-arc"; }; };
		D62C364D16FCD2C600EF8CDE /* GTLBatchResult.m in Sources */ = {isa = PBXBuildFile; fileRef = D62C361D16FCD2C500EF8CDE /* GTLBatchResult.m */; settings = {COMPILER_FLAGS = "-fno-objc-arc"; }; };
		D62C364E16FCD2C600EF8CDE /* GTLUploadParameters.m in Sources */ = {isa = PBXBuildFile; fileRef = D62C361F16FCD2C500EF8CDE /* GTLUploadParameters.m */; settings = {COMPILER_FLAGS = "-fno-objc-arc"; }; };
		D62C364F16FCD2C600EF8CDE /* GTLDateTime.m in Sources */ = {isa = PBXBuildFile; fileRef = D62C362116FCD2C500EF8CDE /* GTLDateTime.m */; settings = {COMPILER_FLAGS = "-fno-objc-arc"; }; };
		D62C365016FCD2C600EF8CDE /* GTLErrorObject.m in Sources */ = {isa = PBXBuildFile; fileRef = D62C362316FCD2C600EF8CDE /* GTLErrorObject.m */; settings = {COMPILER_FLAGS = "-fno-objc-arc"; }; };
		D62C365116FCD2C600EF8CDE /* GTLRuntimeCommon.m in Sources */ = {isa = PBXBuildFile; fileRef = D62C362516FCD2C600EF8CDE /* GTLRuntimeCommon.m */; settings = {COMPILER_FLAGS = "-fno-objc-arc"; }; };
		D62C365216FCD2C600EF8CDE /* GTLFramework.m in Sources */ = {isa = PBXBuildFile; fileRef = D62C362716FCD2C600EF8CDE /* GTLFramework.m */; settings = {COMPILER_FLAGS = "-fno-objc-arc"; }; };
		D62C365316FCD2C600EF8CDE /* GTLJSONParser.m in Sources */ = {isa = PBXBuildFile; fileRef = D62C362916FCD2C600EF8CDE /* GTLJSONParser.m */; settings = {COMPILER_FLAGS = "-fno-objc-arc"; }; };
		D62C365416FCD2C600EF8CDE /* GTLUtilities.m in Sources */ = {isa = PBXBuildFile; fileRef = D62C362C16FCD2C600EF8CDE /* GTLUtilities.m */; settings = {COMPILER_FLAGS = "-fno-objc-arc"; }; };
		D62C365516FCD2C600EF8CDE /* GTLBase64.m in Sources */ = {isa = PBXBuildFile; fileRef = D62C362E16FCD2C600EF8CDE /* GTLBase64.m */; settings = {COMPILER_FLAGS = "-fno-objc-arc"; }; };
		D62C365616FCD2C600EF8CDE /* GTMHTTPFetcherService.m in Sources */ = {isa = PBXBuildFile; fileRef = D62C363016FCD2C600EF8CDE /* GTMHTTPFetcherService.m */; settings = {COMPILER_FLAGS = "-fno-objc-arc"; }; };
		D62C365716FCD2C600EF8CDE /* GTMHTTPFetcher.m in Sources */ = {isa = PBXBuildFile; fileRef = D62C363216FCD2C600EF8CDE /* GTMHTTPFetcher.m */; settings = {COMPILER_FLAGS = "-fno-objc-arc"; }; };
		D62C365816FCD2C600EF8CDE /* GTMHTTPFetcherLogging.m in Sources */ = {isa = PBXBuildFile; fileRef = D62C363416FCD2C600EF8CDE /* GTMHTTPFetcherLogging.m */; settings = {COMPILER_FLAGS = "-fno-objc-arc"; }; };
		D62C365916FCD2C600EF8CDE /* GTMHTTPFetchHistory.m in Sources */ = {isa = PBXBuildFile; fileRef = D62C363616FCD2C600EF8CDE /* GTMHTTPFetchHistory.m */; settings = {COMPILER_FLAGS = "-fno-objc-arc"; }; };
		D62C365A16FCD2C600EF8CDE /* GTMHTTPUploadFetcher.m in Sources */ = {isa = PBXBuildFile; fileRef = D62C363816FCD2C600EF8CDE /* GTMHTTPUploadFetcher.m */; settings = {COMPILER_FLAGS = "-fno-objc-arc"; }; };
		D62C365B16FCD2C600EF8CDE /* GTMGatherInputStream.m in Sources */ = {isa = PBXBuildFile; fileRef = D62C363A16FCD2C600EF8CDE /* GTMGatherInputStream.m */; settings = {COMPILER_FLAGS = "-fno-objc-arc"; }; };
		D62C365C16FCD2C600EF8CDE /* GTMMIMEDocument.m in Sources */ = {isa = PBXBuildFile; fileRef = D62C363C16FCD2C600EF8CDE /* GTMMIMEDocument.m */; settings = {COMPILER_FLAGS = "-fno-objc-arc"; }; };
		D62C365D16FCD2C600EF8CDE /* GTMReadMonitorInputStream.m in Sources */ = {isa = PBXBuildFile; fileRef = D62C363E16FCD2C600EF8CDE /* GTMReadMonitorInputStream.m */; settings = {COMPILER_FLAGS = "-fno-objc-arc"; }; };
		D62C365E16FCD2C600EF8CDE /* GTMOAuth2Authentication.m in Sources */ = {isa = PBXBuildFile; fileRef = D62C364016FCD2C600EF8CDE /* GTMOAuth2Authentication.m */; settings = {COMPILER_FLAGS = "-fno-objc-arc"; }; };
		D62C365F16FCD2C600EF8CDE /* GTMOAuth2SignIn.m in Sources */ = {isa = PBXBuildFile; fileRef = D62C364216FCD2C600EF8CDE /* GTMOAuth2SignIn.m */; settings = {COMPILER_FLAGS = "-fno-objc-arc"; }; };
		D62C366216FCD2C600EF8CDE /* GTMOAuth2ViewControllerTouch.m in Sources */ = {isa = PBXBuildFile; fileRef = D62C364716FCD2C600EF8CDE /* GTMOAuth2ViewControllerTouch.m */; settings = {COMPILER_FLAGS = "-fno-objc-arc"; }; };
		D62C366316FCD2C600EF8CDE /* GTMOAuth2ViewTouch.xib in Resources */ = {isa = PBXBuildFile; fileRef = D62C364816FCD2C600EF8CDE /* GTMOAuth2ViewTouch.xib */; };
		D62C375416FCDEFA00EF8CDE /* GTLQueryTasks.m in Sources */ = {isa = PBXBuildFile; fileRef = D62C374C16FCDEFA00EF8CDE /* GTLQueryTasks.m */; };
		D62C375516FCDEFA00EF8CDE /* GTLServiceTasks.m in Sources */ = {isa = PBXBuildFile; fileRef = D62C374D16FCDEFA00EF8CDE /* GTLServiceTasks.m */; };
		D62C375816FCDEFA00EF8CDE /* GTLTasksTask.m in Sources */ = {isa = PBXBuildFile; fileRef = D62C375016FCDEFA00EF8CDE /* GTLTasksTask.m */; };
		D62C375916FCDEFA00EF8CDE /* GTLTasksTaskList.m in Sources */ = {isa = PBXBuildFile; fileRef = D62C375116FCDEFA00EF8CDE /* GTLTasksTaskList.m */; };
		D62C375A16FCDEFA00EF8CDE /* GTLTasksTaskLists.m in Sources */ = {isa = PBXBuildFile; fileRef = D62C375216FCDEFA00EF8CDE /* GTLTasksTaskLists.m */; };
		D62C375B16FCDEFA00EF8CDE /* GTLTasksTasks.m in Sources */ = {isa = PBXBuildFile; fileRef = D62C375316FCDEFA00EF8CDE /* GTLTasksTasks.m */; };
		D62C37EE16FF679300EF8CDE /* Icon-72.png in Resources */ = {isa = PBXBuildFile; fileRef = D62C37E916FF679300EF8CDE /* Icon-72.png */; };
		D62C37EF16FF679300EF8CDE /* Icon-72@2x.png in Resources */ = {isa = PBXBuildFile; fileRef = D62C37EA16FF679300EF8CDE /* Icon-72@2x.png */; };
		D62C37F016FF679300EF8CDE /* Icon-Small.png in Resources */ = {isa = PBXBuildFile; fileRef = D62C37EB16FF679300EF8CDE /* Icon-Small.png */; };
		D62C37F116FF679300EF8CDE /* Icon.png in Resources */ = {isa = PBXBuildFile; fileRef = D62C37EC16FF679300EF8CDE /* Icon.png */; };
		D62C37F216FF679300EF8CDE /* Icon@2x.png in Resources */ = {isa = PBXBuildFile; fileRef = D62C37ED16FF679300EF8CDE /* Icon@2x.png */; };
		D62C37F416FF68D700EF8CDE /* Default.png in Resources */ = {isa = PBXBuildFile; fileRef = D62C37F316FF68D700EF8CDE /* Default.png */; };
		D62C37F616FF68E200EF8CDE /* Default@2x.png in Resources */ = {isa = PBXBuildFile; fileRef = D62C37F516FF68E200EF8CDE /* Default@2x.png */; };
		D62C37F816FF68EB00EF8CDE /* Default-568h@2x.png in Resources */ = {isa = PBXBuildFile; fileRef = D62C37F716FF68EB00EF8CDE /* Default-568h@2x.png */; };
		D62EC16116FCC2C5005E65F5 /* TaskListViewController.m in Sources */ = {isa = PBXBuildFile; fileRef = D62EC15F16FCC2C5005E65F5 /* TaskListViewController.m */; };
		D62EC16216FCC2C5005E65F5 /* TaskListViewController.xib in Resources */ = {isa = PBXBuildFile; fileRef = D62EC16016FCC2C5005E65F5 /* TaskListViewController.xib */; };
		D67ED23717028F6C0084E8A6 /* TaskTasksViewController.m in Sources */ = {isa = PBXBuildFile; fileRef = D67ED23517028F6C0084E8A6 /* TaskTasksViewController.m */; };
		D67ED23817028F6C0084E8A6 /* TaskTasksViewController.xib in Resources */ = {isa = PBXBuildFile; fileRef = D67ED23617028F6C0084E8A6 /* TaskTasksViewController.xib */; };
		D685369C1703A362006767EF /* CIALBrowser.bundle in Resources */ = {isa = PBXBuildFile; fileRef = D685369B1703A362006767EF /* CIALBrowser.bundle */; };
		D68536A21703A8F5006767EF /* SVProgressHUD.bundle in Resources */ = {isa = PBXBuildFile; fileRef = D685369F1703A8F5006767EF /* SVProgressHUD.bundle */; };
		D68536A31703A8F5006767EF /* SVProgressHUD.m in Sources */ = {isa = PBXBuildFile; fileRef = D68536A11703A8F5006767EF /* SVProgressHUD.m */; };
		D6D3CD0616F24CD9003C0434 /* GTMOAuth2ViewTouch.xib in Resources */ = {isa = PBXBuildFile; fileRef = D6D3CD0516F24CD9003C0434 /* GTMOAuth2ViewTouch.xib */; };
		D6D3CD5816F25307003C0434 /* SHCViewController.xib in Resources */ = {isa = PBXBuildFile; fileRef = D6D3CD3B16F25307003C0434 /* SHCViewController.xib */; };
		D6D3CD5A16F25307003C0434 /* SHCAppDelegate.m in Sources */ = {isa = PBXBuildFile; fileRef = D6D3CD3F16F25307003C0434 /* SHCAppDelegate.m */; };
		D6D3CD5B16F25307003C0434 /* SHCMulticastDelegate.m in Sources */ = {isa = PBXBuildFile; fileRef = D6D3CD4116F25307003C0434 /* SHCMulticastDelegate.m */; };
		D6D3CD5C16F25307003C0434 /* SHCMulticastDelegateUITableViewDelegate.m in Sources */ = {isa = PBXBuildFile; fileRef = D6D3CD4316F25307003C0434 /* SHCMulticastDelegateUITableViewDelegate.m */; };
		D6D3CD5D16F25307003C0434 /* SHCPinchToAddNewBehaviour.m in Sources */ = {isa = PBXBuildFile; fileRef = D6D3CD4516F25307003C0434 /* SHCPinchToAddNewBehaviour.m */; };
		D6D3CD5E16F25307003C0434 /* SHCPullToAddNewBehaviour.m in Sources */ = {isa = PBXBuildFile; fileRef = D6D3CD4716F25307003C0434 /* SHCPullToAddNewBehaviour.m */; };
		D6D3CD5F16F25307003C0434 /* SHCStrikethroughLabel.m in Sources */ = {isa = PBXBuildFile; fileRef = D6D3CD4916F25307003C0434 /* SHCStrikethroughLabel.m */; };
		D6D3CD6016F25307003C0434 /* SHCTableView+Multicast.m in Sources */ = {isa = PBXBuildFile; fileRef = D6D3CD4B16F25307003C0434 /* SHCTableView+Multicast.m */; };
		D6D3CD6116F25307003C0434 /* SHCTableView.m in Sources */ = {isa = PBXBuildFile; fileRef = D6D3CD4D16F25307003C0434 /* SHCTableView.m */; };
		D6D3CD6216F25307003C0434 /* SHCTableViewCell.m in Sources */ = {isa = PBXBuildFile; fileRef = D6D3CD4F16F25307003C0434 /* SHCTableViewCell.m */; };
		D6D3CD6316F25307003C0434 /* SHCToDoItem.m in Sources */ = {isa = PBXBuildFile; fileRef = D6D3CD5316F25307003C0434 /* SHCToDoItem.m */; };
		D6D3CD6416F25307003C0434 /* SHCViewController.m in Sources */ = {isa = PBXBuildFile; fileRef = D6D3CD5516F25307003C0434 /* SHCViewController.m */; };
		D6D3CD6616F253BE003C0434 /* QuartzCore.framework in Frameworks */ = {isa = PBXBuildFile; fileRef = D6D3CD6516F253BE003C0434 /* QuartzCore.framework */; };
/* End PBXBuildFile section */

/* Begin PBXFileReference section */
		1301BB44119CB4B100A33D6C /* OAuth2SampleMainiPad.xib */ = {isa = PBXFileReference; lastKnownFileType = file.xib; path = OAuth2SampleMainiPad.xib; sourceTree = "<group>"; };
		1397AC501137075C00DE52FD /* Security.framework */ = {isa = PBXFileReference; lastKnownFileType = wrapper.framework; name = Security.framework; path = System/Library/Frameworks/Security.framework; sourceTree = SDKROOT; };
		13C82E9211373B3000ACAEDD /* mainTouch.m */ = {isa = PBXFileReference; fileEncoding = 4; lastKnownFileType = sourcecode.c.objc; path = mainTouch.m; sourceTree = "<group>"; };
		13C82E9311373B3000ACAEDD /* AppDelegate.h */ = {isa = PBXFileReference; fileEncoding = 4; lastKnownFileType = sourcecode.c.h; path = AppDelegate.h; sourceTree = "<group>"; };
		13C82E9411373B3000ACAEDD /* AppDelegate.m */ = {isa = PBXFileReference; fileEncoding = 4; lastKnownFileType = sourcecode.c.objc; path = AppDelegate.m; sourceTree = "<group>"; };
		13C82E9511373B3000ACAEDD /* RootViewController.h */ = {isa = PBXFileReference; fileEncoding = 4; lastKnownFileType = sourcecode.c.h; path = RootViewController.h; sourceTree = "<group>"; };
		13C82E9611373B3000ACAEDD /* RootViewController.m */ = {isa = PBXFileReference; fileEncoding = 4; lastKnownFileType = sourcecode.c.objc; path = RootViewController.m; sourceTree = "<group>"; };
		13C82E9711373B3000ACAEDD /* prefixTouch.pch */ = {isa = PBXFileReference; fileEncoding = 4; lastKnownFileType = sourcecode.c.h; path = prefixTouch.pch; sourceTree = "<group>"; };
		13E350B0119CA9AE00B2EB5A /* gTask.app */ = {isa = PBXFileReference; explicitFileType = wrapper.application; includeInIndex = 0; path = gTask.app; sourceTree = BUILT_PRODUCTS_DIR; };
		13FA93DF113867A700E1AAA4 /* README.txt */ = {isa = PBXFileReference; fileEncoding = 4; lastKnownFileType = text; path = README.txt; sourceTree = "<group>"; };
		1D30AB110D05D00D00671497 /* Foundation.framework */ = {isa = PBXFileReference; lastKnownFileType = wrapper.framework; name = Foundation.framework; path = System/Library/Frameworks/Foundation.framework; sourceTree = SDKROOT; };
		1DF5F4DF0D08C38300B7A737 /* UIKit.framework */ = {isa = PBXFileReference; lastKnownFileType = wrapper.framework; name = UIKit.framework; path = System/Library/Frameworks/UIKit.framework; sourceTree = SDKROOT; };
		2892E40F0DC94CBA00A64D0F /* CoreGraphics.framework */ = {isa = PBXFileReference; lastKnownFileType = wrapper.framework; name = CoreGraphics.framework; path = System/Library/Frameworks/CoreGraphics.framework; sourceTree = SDKROOT; };
		4F244810121F253B00FEE1DA /* OAuth2SampleMainTouch.xib */ = {isa = PBXFileReference; lastKnownFileType = file.xib; path = OAuth2SampleMainTouch.xib; sourceTree = "<group>"; };
		4FF23DC011754C0300E96C5A /* SystemConfiguration.framework */ = {isa = PBXFileReference; lastKnownFileType = wrapper.framework; name = SystemConfiguration.framework; path = System/Library/Frameworks/SystemConfiguration.framework; sourceTree = SDKROOT; };
		D62C361316FCD2C500EF8CDE /* GTLDefines.h */ = {isa = PBXFileReference; fileEncoding = 4; lastKnownFileType = sourcecode.c.h; name = GTLDefines.h; path = "../../../Downloads/google-api-objectivec-client-read-only/Source/GTLDefines.h"; sourceTree = "<group>"; };
		D62C361416FCD2C500EF8CDE /* GTLObject.h */ = {isa = PBXFileReference; fileEncoding = 4; lastKnownFileType = sourcecode.c.h; name = GTLObject.h; path = "../../../Downloads/google-api-objectivec-client-read-only/Source/Objects/GTLObject.h"; sourceTree = "<group>"; };
		D62C361516FCD2C500EF8CDE /* GTLObject.m */ = {isa = PBXFileReference; fileEncoding = 4; lastKnownFileType = sourcecode.c.objc; name = GTLObject.m; path = "../../../Downloads/google-api-objectivec-client-read-only/Source/Objects/GTLObject.m"; sourceTree = "<group>"; };
		D62C361616FCD2C500EF8CDE /* GTLQuery.h */ = {isa = PBXFileReference; fileEncoding = 4; lastKnownFileType = sourcecode.c.h; name = GTLQuery.h; path = "../../../Downloads/google-api-objectivec-client-read-only/Source/Objects/GTLQuery.h"; sourceTree = "<group>"; };
		D62C361716FCD2C500EF8CDE /* GTLQuery.m */ = {isa = PBXFileReference; fileEncoding = 4; lastKnownFileType = sourcecode.c.objc; name = GTLQuery.m; path = "../../../Downloads/google-api-objectivec-client-read-only/Source/Objects/GTLQuery.m"; sourceTree = "<group>"; };
		D62C361816FCD2C500EF8CDE /* GTLBatchQuery.h */ = {isa = PBXFileReference; fileEncoding = 4; lastKnownFileType = sourcecode.c.h; name = GTLBatchQuery.h; path = "../../../Downloads/google-api-objectivec-client-read-only/Source/Objects/GTLBatchQuery.h"; sourceTree = "<group>"; };
		D62C361916FCD2C500EF8CDE /* GTLBatchQuery.m */ = {isa = PBXFileReference; fileEncoding = 4; lastKnownFileType = sourcecode.c.objc; name = GTLBatchQuery.m; path = "../../../Downloads/google-api-objectivec-client-read-only/Source/Objects/GTLBatchQuery.m"; sourceTree = "<group>"; };
		D62C361A16FCD2C500EF8CDE /* GTLService.h */ = {isa = PBXFileReference; fileEncoding = 4; lastKnownFileType = sourcecode.c.h; name = GTLService.h; path = "../../../Downloads/google-api-objectivec-client-read-only/Source/Objects/GTLService.h"; sourceTree = "<group>"; };
		D62C361B16FCD2C500EF8CDE /* GTLService.m */ = {isa = PBXFileReference; fileEncoding = 4; lastKnownFileType = sourcecode.c.objc; name = GTLService.m; path = "../../../Downloads/google-api-objectivec-client-read-only/Source/Objects/GTLService.m"; sourceTree = "<group>"; };
		D62C361C16FCD2C500EF8CDE /* GTLBatchResult.h */ = {isa = PBXFileReference; fileEncoding = 4; lastKnownFileType = sourcecode.c.h; name = GTLBatchResult.h; path = "../../../Downloads/google-api-objectivec-client-read-only/Source/Objects/GTLBatchResult.h"; sourceTree = "<group>"; };
		D62C361D16FCD2C500EF8CDE /* GTLBatchResult.m */ = {isa = PBXFileReference; fileEncoding = 4; lastKnownFileType = sourcecode.c.objc; name = GTLBatchResult.m; path = "../../../Downloads/google-api-objectivec-client-read-only/Source/Objects/GTLBatchResult.m"; sourceTree = "<group>"; };
		D62C361E16FCD2C500EF8CDE /* GTLUploadParameters.h */ = {isa = PBXFileReference; fileEncoding = 4; lastKnownFileType = sourcecode.c.h; name = GTLUploadParameters.h; path = "../../../Downloads/google-api-objectivec-client-read-only/Source/Objects/GTLUploadParameters.h"; sourceTree = "<group>"; };
		D62C361F16FCD2C500EF8CDE /* GTLUploadParameters.m */ = {isa = PBXFileReference; fileEncoding = 4; lastKnownFileType = sourcecode.c.objc; name = GTLUploadParameters.m; path = "../../../Downloads/google-api-objectivec-client-read-only/Source/Objects/GTLUploadParameters.m"; sourceTree = "<group>"; };
		D62C362016FCD2C500EF8CDE /* GTLDateTime.h */ = {isa = PBXFileReference; fileEncoding = 4; lastKnownFileType = sourcecode.c.h; name = GTLDateTime.h; path = "../../../Downloads/google-api-objectivec-client-read-only/Source/Objects/GTLDateTime.h"; sourceTree = "<group>"; };
		D62C362116FCD2C500EF8CDE /* GTLDateTime.m */ = {isa = PBXFileReference; fileEncoding = 4; lastKnownFileType = sourcecode.c.objc; name = GTLDateTime.m; path = "../../../Downloads/google-api-objectivec-client-read-only/Source/Objects/GTLDateTime.m"; sourceTree = "<group>"; };
		D62C362216FCD2C500EF8CDE /* GTLErrorObject.h */ = {isa = PBXFileReference; fileEncoding = 4; lastKnownFileType = sourcecode.c.h; name = GTLErrorObject.h; path = "../../../Downloads/google-api-objectivec-client-read-only/Source/Objects/GTLErrorObject.h"; sourceTree = "<group>"; };
		D62C362316FCD2C600EF8CDE /* GTLErrorObject.m */ = {isa = PBXFileReference; fileEncoding = 4; lastKnownFileType = sourcecode.c.objc; name = GTLErrorObject.m; path = "../../../Downloads/google-api-objectivec-client-read-only/Source/Objects/GTLErrorObject.m"; sourceTree = "<group>"; };
		D62C362416FCD2C600EF8CDE /* GTLRuntimeCommon.h */ = {isa = PBXFileReference; fileEncoding = 4; lastKnownFileType = sourcecode.c.h; name = GTLRuntimeCommon.h; path = "../../../Downloads/google-api-objectivec-client-read-only/Source/Objects/GTLRuntimeCommon.h"; sourceTree = "<group>"; };
		D62C362516FCD2C600EF8CDE /* GTLRuntimeCommon.m */ = {isa = PBXFileReference; fileEncoding = 4; lastKnownFileType = sourcecode.c.objc; name = GTLRuntimeCommon.m; path = "../../../Downloads/google-api-objectivec-client-read-only/Source/Objects/GTLRuntimeCommon.m"; sourceTree = "<group>"; };
		D62C362616FCD2C600EF8CDE /* GTLFramework.h */ = {isa = PBXFileReference; fileEncoding = 4; lastKnownFileType = sourcecode.c.h; name = GTLFramework.h; path = "../../../Downloads/google-api-objectivec-client-read-only/Source/Utilities/GTLFramework.h"; sourceTree = "<group>"; };
		D62C362716FCD2C600EF8CDE /* GTLFramework.m */ = {isa = PBXFileReference; fileEncoding = 4; lastKnownFileType = sourcecode.c.objc; name = GTLFramework.m; path = "../../../Downloads/google-api-objectivec-client-read-only/Source/Utilities/GTLFramework.m"; sourceTree = "<group>"; };
		D62C362816FCD2C600EF8CDE /* GTLJSONParser.h */ = {isa = PBXFileReference; fileEncoding = 4; lastKnownFileType = sourcecode.c.h; name = GTLJSONParser.h; path = "../../../Downloads/google-api-objectivec-client-read-only/Source/Utilities/GTLJSONParser.h"; sourceTree = "<group>"; };
		D62C362916FCD2C600EF8CDE /* GTLJSONParser.m */ = {isa = PBXFileReference; fileEncoding = 4; lastKnownFileType = sourcecode.c.objc; name = GTLJSONParser.m; path = "../../../Downloads/google-api-objectivec-client-read-only/Source/Utilities/GTLJSONParser.m"; sourceTree = "<group>"; };
		D62C362A16FCD2C600EF8CDE /* GTLTargetNamespace.h */ = {isa = PBXFileReference; fileEncoding = 4; lastKnownFileType = sourcecode.c.h; name = GTLTargetNamespace.h; path = "../../../Downloads/google-api-objectivec-client-read-only/Source/Utilities/GTLTargetNamespace.h"; sourceTree = "<group>"; };
		D62C362B16FCD2C600EF8CDE /* GTLUtilities.h */ = {isa = PBXFileReference; fileEncoding = 4; lastKnownFileType = sourcecode.c.h; name = GTLUtilities.h; path = "../../../Downloads/google-api-objectivec-client-read-only/Source/Utilities/GTLUtilities.h"; sourceTree = "<group>"; };
		D62C362C16FCD2C600EF8CDE /* GTLUtilities.m */ = {isa = PBXFileReference; fileEncoding = 4; lastKnownFileType = sourcecode.c.objc; name = GTLUtilities.m; path = "../../../Downloads/google-api-objectivec-client-read-only/Source/Utilities/GTLUtilities.m"; sourceTree = "<group>"; };
		D62C362D16FCD2C600EF8CDE /* GTLBase64.h */ = {isa = PBXFileReference; fileEncoding = 4; lastKnownFileType = sourcecode.c.h; name = GTLBase64.h; path = "../../../Downloads/google-api-objectivec-client-read-only/Source/Utilities/GTLBase64.h"; sourceTree = "<group>"; };
		D62C362E16FCD2C600EF8CDE /* GTLBase64.m */ = {isa = PBXFileReference; fileEncoding = 4; lastKnownFileType = sourcecode.c.objc; name = GTLBase64.m; path = "../../../Downloads/google-api-objectivec-client-read-only/Source/Utilities/GTLBase64.m"; sourceTree = "<group>"; };
		D62C362F16FCD2C600EF8CDE /* GTMHTTPFetcherService.h */ = {isa = PBXFileReference; fileEncoding = 4; lastKnownFileType = sourcecode.c.h; name = GTMHTTPFetcherService.h; path = "../../../Downloads/google-api-objectivec-client-read-only/Source/HTTPFetcher/GTMHTTPFetcherService.h"; sourceTree = "<group>"; };
		D62C363016FCD2C600EF8CDE /* GTMHTTPFetcherService.m */ = {isa = PBXFileReference; fileEncoding = 4; lastKnownFileType = sourcecode.c.objc; name = GTMHTTPFetcherService.m; path = "../../../Downloads/google-api-objectivec-client-read-only/Source/HTTPFetcher/GTMHTTPFetcherService.m"; sourceTree = "<group>"; };
		D62C363116FCD2C600EF8CDE /* GTMHTTPFetcher.h */ = {isa = PBXFileReference; fileEncoding = 4; lastKnownFileType = sourcecode.c.h; name = GTMHTTPFetcher.h; path = "../../../Downloads/google-api-objectivec-client-read-only/Source/HTTPFetcher/GTMHTTPFetcher.h"; sourceTree = "<group>"; };
		D62C363216FCD2C600EF8CDE /* GTMHTTPFetcher.m */ = {isa = PBXFileReference; fileEncoding = 4; lastKnownFileType = sourcecode.c.objc; name = GTMHTTPFetcher.m; path = "../../../Downloads/google-api-objectivec-client-read-only/Source/HTTPFetcher/GTMHTTPFetcher.m"; sourceTree = "<group>"; };
		D62C363316FCD2C600EF8CDE /* GTMHTTPFetcherLogging.h */ = {isa = PBXFileReference; fileEncoding = 4; lastKnownFileType = sourcecode.c.h; name = GTMHTTPFetcherLogging.h; path = "../../../Downloads/google-api-objectivec-client-read-only/Source/HTTPFetcher/GTMHTTPFetcherLogging.h"; sourceTree = "<group>"; };
		D62C363416FCD2C600EF8CDE /* GTMHTTPFetcherLogging.m */ = {isa = PBXFileReference; fileEncoding = 4; lastKnownFileType = sourcecode.c.objc; name = GTMHTTPFetcherLogging.m; path = "../../../Downloads/google-api-objectivec-client-read-only/Source/HTTPFetcher/GTMHTTPFetcherLogging.m"; sourceTree = "<group>"; };
		D62C363516FCD2C600EF8CDE /* GTMHTTPFetchHistory.h */ = {isa = PBXFileReference; fileEncoding = 4; lastKnownFileType = sourcecode.c.h; name = GTMHTTPFetchHistory.h; path = "../../../Downloads/google-api-objectivec-client-read-only/Source/HTTPFetcher/GTMHTTPFetchHistory.h"; sourceTree = "<group>"; };
		D62C363616FCD2C600EF8CDE /* GTMHTTPFetchHistory.m */ = {isa = PBXFileReference; fileEncoding = 4; lastKnownFileType = sourcecode.c.objc; name = GTMHTTPFetchHistory.m; path = "../../../Downloads/google-api-objectivec-client-read-only/Source/HTTPFetcher/GTMHTTPFetchHistory.m"; sourceTree = "<group>"; };
		D62C363716FCD2C600EF8CDE /* GTMHTTPUploadFetcher.h */ = {isa = PBXFileReference; fileEncoding = 4; lastKnownFileType = sourcecode.c.h; name = GTMHTTPUploadFetcher.h; path = "../../../Downloads/google-api-objectivec-client-read-only/Source/HTTPFetcher/GTMHTTPUploadFetcher.h"; sourceTree = "<group>"; };
		D62C363816FCD2C600EF8CDE /* GTMHTTPUploadFetcher.m */ = {isa = PBXFileReference; fileEncoding = 4; lastKnownFileType = sourcecode.c.objc; name = GTMHTTPUploadFetcher.m; path = "../../../Downloads/google-api-objectivec-client-read-only/Source/HTTPFetcher/GTMHTTPUploadFetcher.m"; sourceTree = "<group>"; };
		D62C363916FCD2C600EF8CDE /* GTMGatherInputStream.h */ = {isa = PBXFileReference; fileEncoding = 4; lastKnownFileType = sourcecode.c.h; name = GTMGatherInputStream.h; path = "../../../Downloads/google-api-objectivec-client-read-only/Source/HTTPFetcher/GTMGatherInputStream.h"; sourceTree = "<group>"; };
		D62C363A16FCD2C600EF8CDE /* GTMGatherInputStream.m */ = {isa = PBXFileReference; fileEncoding = 4; lastKnownFileType = sourcecode.c.objc; name = GTMGatherInputStream.m; path = "../../../Downloads/google-api-objectivec-client-read-only/Source/HTTPFetcher/GTMGatherInputStream.m"; sourceTree = "<group>"; };
		D62C363B16FCD2C600EF8CDE /* GTMMIMEDocument.h */ = {isa = PBXFileReference; fileEncoding = 4; lastKnownFileType = sourcecode.c.h; name = GTMMIMEDocument.h; path = "../../../Downloads/google-api-objectivec-client-read-only/Source/HTTPFetcher/GTMMIMEDocument.h"; sourceTree = "<group>"; };
		D62C363C16FCD2C600EF8CDE /* GTMMIMEDocument.m */ = {isa = PBXFileReference; fileEncoding = 4; lastKnownFileType = sourcecode.c.objc; name = GTMMIMEDocument.m; path = "../../../Downloads/google-api-objectivec-client-read-only/Source/HTTPFetcher/GTMMIMEDocument.m"; sourceTree = "<group>"; };
		D62C363D16FCD2C600EF8CDE /* GTMReadMonitorInputStream.h */ = {isa = PBXFileReference; fileEncoding = 4; lastKnownFileType = sourcecode.c.h; name = GTMReadMonitorInputStream.h; path = "../../../Downloads/google-api-objectivec-client-read-only/Source/HTTPFetcher/GTMReadMonitorInputStream.h"; sourceTree = "<group>"; };
		D62C363E16FCD2C600EF8CDE /* GTMReadMonitorInputStream.m */ = {isa = PBXFileReference; fileEncoding = 4; lastKnownFileType = sourcecode.c.objc; name = GTMReadMonitorInputStream.m; path = "../../../Downloads/google-api-objectivec-client-read-only/Source/HTTPFetcher/GTMReadMonitorInputStream.m"; sourceTree = "<group>"; };
		D62C363F16FCD2C600EF8CDE /* GTMOAuth2Authentication.h */ = {isa = PBXFileReference; fileEncoding = 4; lastKnownFileType = sourcecode.c.h; name = GTMOAuth2Authentication.h; path = "../../../Downloads/google-api-objectivec-client-read-only/Source/OAuth2/GTMOAuth2Authentication.h"; sourceTree = "<group>"; };
		D62C364016FCD2C600EF8CDE /* GTMOAuth2Authentication.m */ = {isa = PBXFileReference; fileEncoding = 4; lastKnownFileType = sourcecode.c.objc; name = GTMOAuth2Authentication.m; path = "../../../Downloads/google-api-objectivec-client-read-only/Source/OAuth2/GTMOAuth2Authentication.m"; sourceTree = "<group>"; };
		D62C364116FCD2C600EF8CDE /* GTMOAuth2SignIn.h */ = {isa = PBXFileReference; fileEncoding = 4; lastKnownFileType = sourcecode.c.h; name = GTMOAuth2SignIn.h; path = "../../../Downloads/google-api-objectivec-client-read-only/Source/OAuth2/GTMOAuth2SignIn.h"; sourceTree = "<group>"; };
		D62C364216FCD2C600EF8CDE /* GTMOAuth2SignIn.m */ = {isa = PBXFileReference; fileEncoding = 4; lastKnownFileType = sourcecode.c.objc; name = GTMOAuth2SignIn.m; path = "../../../Downloads/google-api-objectivec-client-read-only/Source/OAuth2/GTMOAuth2SignIn.m"; sourceTree = "<group>"; };
		D62C364616FCD2C600EF8CDE /* GTMOAuth2ViewControllerTouch.h */ = {isa = PBXFileReference; fileEncoding = 4; lastKnownFileType = sourcecode.c.h; name = GTMOAuth2ViewControllerTouch.h; path = "../../../Downloads/google-api-objectivec-client-read-only/Source/OAuth2/Touch/GTMOAuth2ViewControllerTouch.h"; sourceTree = "<group>"; };
		D62C364716FCD2C600EF8CDE /* GTMOAuth2ViewControllerTouch.m */ = {isa = PBXFileReference; fileEncoding = 4; lastKnownFileType = sourcecode.c.objc; name = GTMOAuth2ViewControllerTouch.m; path = "../../../Downloads/google-api-objectivec-client-read-only/Source/OAuth2/Touch/GTMOAuth2ViewControllerTouch.m"; sourceTree = "<group>"; };
		D62C364816FCD2C600EF8CDE /* GTMOAuth2ViewTouch.xib */ = {isa = PBXFileReference; fileEncoding = 4; lastKnownFileType = file.xib; name = GTMOAuth2ViewTouch.xib; path = "../../../Downloads/google-api-objectivec-client-read-only/Source/OAuth2/Touch/GTMOAuth2ViewTouch.xib"; sourceTree = "<group>"; };
		D62C36A916FCD6D800EF8CDE /* GTLQueryTasks.h */ = {isa = PBXFileReference; fileEncoding = 4; lastKnownFileType = sourcecode.c.h; name = GTLQueryTasks.h; path = TaskService/GTLQueryTasks.h; sourceTree = "<group>"; };
		D62C36AB16FCD6D800EF8CDE /* GTLServiceTasks.h */ = {isa = PBXFileReference; fileEncoding = 4; lastKnownFileType = sourcecode.c.h; name = GTLServiceTasks.h; path = TaskService/GTLServiceTasks.h; sourceTree = "<group>"; };
		D62C36AE16FCD6D800EF8CDE /* GTLTasks.h */ = {isa = PBXFileReference; fileEncoding = 4; lastKnownFileType = sourcecode.c.h; name = GTLTasks.h; path = TaskService/GTLTasks.h; sourceTree = "<group>"; };
		D62C36B116FCD6D800EF8CDE /* GTLTasksTask.h */ = {isa = PBXFileReference; fileEncoding = 4; lastKnownFileType = sourcecode.c.h; name = GTLTasksTask.h; path = TaskService/GTLTasksTask.h; sourceTree = "<group>"; };
		D62C36B316FCD6D800EF8CDE /* GTLTasksTaskList.h */ = {isa = PBXFileReference; fileEncoding = 4; lastKnownFileType = sourcecode.c.h; name = GTLTasksTaskList.h; path = TaskService/GTLTasksTaskList.h; sourceTree = "<group>"; };
		D62C36B516FCD6D800EF8CDE /* GTLTasksTaskLists.h */ = {isa = PBXFileReference; fileEncoding = 4; lastKnownFileType = sourcecode.c.h; name = GTLTasksTaskLists.h; path = TaskService/GTLTasksTaskLists.h; sourceTree = "<group>"; };
		D62C36B716FCD6D800EF8CDE /* GTLTasksTasks.h */ = {isa = PBXFileReference; fileEncoding = 4; lastKnownFileType = sourcecode.c.h; name = GTLTasksTasks.h; path = TaskService/GTLTasksTasks.h; sourceTree = "<group>"; };
		D62C374C16FCDEFA00EF8CDE /* GTLQueryTasks.m */ = {isa = PBXFileReference; fileEncoding = 4; lastKnownFileType = sourcecode.c.objc; name = GTLQueryTasks.m; path = TaskService/GTLQueryTasks.m; sourceTree = "<group>"; };
		D62C374D16FCDEFA00EF8CDE /* GTLServiceTasks.m */ = {isa = PBXFileReference; fileEncoding = 4; lastKnownFileType = sourcecode.c.objc; name = GTLServiceTasks.m; path = TaskService/GTLServiceTasks.m; sourceTree = "<group>"; };
		D62C375016FCDEFA00EF8CDE /* GTLTasksTask.m */ = {isa = PBXFileReference; fileEncoding = 4; lastKnownFileType = sourcecode.c.objc; name = GTLTasksTask.m; path = TaskService/GTLTasksTask.m; sourceTree = "<group>"; };
		D62C375116FCDEFA00EF8CDE /* GTLTasksTaskList.m */ = {isa = PBXFileReference; fileEncoding = 4; lastKnownFileType = sourcecode.c.objc; name = GTLTasksTaskList.m; path = TaskService/GTLTasksTaskList.m; sourceTree = "<group>"; };
		D62C375216FCDEFA00EF8CDE /* GTLTasksTaskLists.m */ = {isa = PBXFileReference; fileEncoding = 4; lastKnownFileType = sourcecode.c.objc; name = GTLTasksTaskLists.m; path = TaskService/GTLTasksTaskLists.m; sourceTree = "<group>"; };
		D62C375316FCDEFA00EF8CDE /* GTLTasksTasks.m */ = {isa = PBXFileReference; fileEncoding = 4; lastKnownFileType = sourcecode.c.objc; name = GTLTasksTasks.m; path = TaskService/GTLTasksTasks.m; sourceTree = "<group>"; };
		D62C37E916FF679300EF8CDE /* Icon-72.png */ = {isa = PBXFileReference; lastKnownFileType = image.png; path = "Icon-72.png"; sourceTree = "<group>"; };
		D62C37EA16FF679300EF8CDE /* Icon-72@2x.png */ = {isa = PBXFileReference; lastKnownFileType = image.png; path = "Icon-72@2x.png"; sourceTree = "<group>"; };
		D62C37EB16FF679300EF8CDE /* Icon-Small.png */ = {isa = PBXFileReference; lastKnownFileType = image.png; path = "Icon-Small.png"; sourceTree = "<group>"; };
		D62C37EC16FF679300EF8CDE /* Icon.png */ = {isa = PBXFileReference; lastKnownFileType = image.png; path = Icon.png; sourceTree = "<group>"; };
		D62C37ED16FF679300EF8CDE /* Icon@2x.png */ = {isa = PBXFileReference; lastKnownFileType = image.png; path = "Icon@2x.png"; sourceTree = "<group>"; };
		D62C37F316FF68D700EF8CDE /* Default.png */ = {isa = PBXFileReference; lastKnownFileType = image.png; path = Default.png; sourceTree = "<group>"; };
		D62C37F516FF68E200EF8CDE /* Default@2x.png */ = {isa = PBXFileReference; lastKnownFileType = image.png; path = "Default@2x.png"; sourceTree = "<group>"; };
		D62C37F716FF68EB00EF8CDE /* Default-568h@2x.png */ = {isa = PBXFileReference; lastKnownFileType = image.png; path = "Default-568h@2x.png"; sourceTree = "<group>"; };
		D62EC15E16FCC2C5005E65F5 /* TaskListViewController.h */ = {isa = PBXFileReference; fileEncoding = 4; lastKnownFileType = sourcecode.c.h; path = TaskListViewController.h; sourceTree = "<group>"; };
		D62EC15F16FCC2C5005E65F5 /* TaskListViewController.m */ = {isa = PBXFileReference; fileEncoding = 4; lastKnownFileType = sourcecode.c.objc; path = TaskListViewController.m; sourceTree = "<group>"; };
		D62EC16016FCC2C5005E65F5 /* TaskListViewController.xib */ = {isa = PBXFileReference; fileEncoding = 4; lastKnownFileType = file.xib; path = TaskListViewController.xib; sourceTree = "<group>"; };
		D67ED23417028F6C0084E8A6 /* TaskTasksViewController.h */ = {isa = PBXFileReference; fileEncoding = 4; lastKnownFileType = sourcecode.c.h; path = TaskTasksViewController.h; sourceTree = "<group>"; };
		D67ED23517028F6C0084E8A6 /* TaskTasksViewController.m */ = {isa = PBXFileReference; fileEncoding = 4; lastKnownFileType = sourcecode.c.objc; path = TaskTasksViewController.m; sourceTree = "<group>"; };
		D67ED23617028F6C0084E8A6 /* TaskTasksViewController.xib */ = {isa = PBXFileReference; fileEncoding = 4; lastKnownFileType = file.xib; path = TaskTasksViewController.xib; sourceTree = "<group>"; };
		D685369B1703A362006767EF /* CIALBrowser.bundle */ = {isa = PBXFileReference; lastKnownFileType = "wrapper.plug-in"; path = CIALBrowser.bundle; sourceTree = "<group>"; };
		D685369F1703A8F5006767EF /* SVProgressHUD.bundle */ = {isa = PBXFileReference; lastKnownFileType = "wrapper.plug-in"; path = SVProgressHUD.bundle; sourceTree = "<group>"; };
		D68536A01703A8F5006767EF /* SVProgressHUD.h */ = {isa = PBXFileReference; fileEncoding = 4; lastKnownFileType = sourcecode.c.h; path = SVProgressHUD.h; sourceTree = "<group>"; };
		D68536A11703A8F5006767EF /* SVProgressHUD.m */ = {isa = PBXFileReference; fileEncoding = 4; lastKnownFileType = sourcecode.c.objc; path = SVProgressHUD.m; sourceTree = "<group>"; };
		D6D3CD0516F24CD9003C0434 /* GTMOAuth2ViewTouch.xib */ = {isa = PBXFileReference; fileEncoding = 4; lastKnownFileType = file.xib; path = GTMOAuth2ViewTouch.xib; sourceTree = "<group>"; };
		D6D3CD3C16F25307003C0434 /* en */ = {isa = PBXFileReference; lastKnownFileType = file.xib; name = en; path = en.lproj/SHCViewController.xib; sourceTree = "<group>"; };
		D6D3CD3E16F25307003C0434 /* SHCAppDelegate.h */ = {isa = PBXFileReference; fileEncoding = 4; lastKnownFileType = sourcecode.c.h; path = SHCAppDelegate.h; sourceTree = "<group>"; };
		D6D3CD3F16F25307003C0434 /* SHCAppDelegate.m */ = {isa = PBXFileReference; fileEncoding = 4; lastKnownFileType = sourcecode.c.objc; path = SHCAppDelegate.m; sourceTree = "<group>"; };
		D6D3CD4016F25307003C0434 /* SHCMulticastDelegate.h */ = {isa = PBXFileReference; fileEncoding = 4; lastKnownFileType = sourcecode.c.h; path = SHCMulticastDelegate.h; sourceTree = "<group>"; };
		D6D3CD4116F25307003C0434 /* SHCMulticastDelegate.m */ = {isa = PBXFileReference; fileEncoding = 4; lastKnownFileType = sourcecode.c.objc; path = SHCMulticastDelegate.m; sourceTree = "<group>"; };
		D6D3CD4216F25307003C0434 /* SHCMulticastDelegateUITableViewDelegate.h */ = {isa = PBXFileReference; fileEncoding = 4; lastKnownFileType = sourcecode.c.h; path = SHCMulticastDelegateUITableViewDelegate.h; sourceTree = "<group>"; };
		D6D3CD4316F25307003C0434 /* SHCMulticastDelegateUITableViewDelegate.m */ = {isa = PBXFileReference; fileEncoding = 4; lastKnownFileType = sourcecode.c.objc; path = SHCMulticastDelegateUITableViewDelegate.m; sourceTree = "<group>"; };
		D6D3CD4416F25307003C0434 /* SHCPinchToAddNewBehaviour.h */ = {isa = PBXFileReference; fileEncoding = 4; lastKnownFileType = sourcecode.c.h; path = SHCPinchToAddNewBehaviour.h; sourceTree = "<group>"; };
		D6D3CD4516F25307003C0434 /* SHCPinchToAddNewBehaviour.m */ = {isa = PBXFileReference; fileEncoding = 4; lastKnownFileType = sourcecode.c.objc; path = SHCPinchToAddNewBehaviour.m; sourceTree = "<group>"; };
		D6D3CD4616F25307003C0434 /* SHCPullToAddNewBehaviour.h */ = {isa = PBXFileReference; fileEncoding = 4; lastKnownFileType = sourcecode.c.h; path = SHCPullToAddNewBehaviour.h; sourceTree = "<group>"; };
		D6D3CD4716F25307003C0434 /* SHCPullToAddNewBehaviour.m */ = {isa = PBXFileReference; fileEncoding = 4; lastKnownFileType = sourcecode.c.objc; path = SHCPullToAddNewBehaviour.m; sourceTree = "<group>"; };
		D6D3CD4816F25307003C0434 /* SHCStrikethroughLabel.h */ = {isa = PBXFileReference; fileEncoding = 4; lastKnownFileType = sourcecode.c.h; path = SHCStrikethroughLabel.h; sourceTree = "<group>"; };
		D6D3CD4916F25307003C0434 /* SHCStrikethroughLabel.m */ = {isa = PBXFileReference; fileEncoding = 4; lastKnownFileType = sourcecode.c.objc; path = SHCStrikethroughLabel.m; sourceTree = "<group>"; };
		D6D3CD4A16F25307003C0434 /* SHCTableView+Multicast.h */ = {isa = PBXFileReference; fileEncoding = 4; lastKnownFileType = sourcecode.c.h; path = "SHCTableView+Multicast.h"; sourceTree = "<group>"; };
		D6D3CD4B16F25307003C0434 /* SHCTableView+Multicast.m */ = {isa = PBXFileReference; fileEncoding = 4; lastKnownFileType = sourcecode.c.objc; path = "SHCTableView+Multicast.m"; sourceTree = "<group>"; };
		D6D3CD4C16F25307003C0434 /* SHCTableView.h */ = {isa = PBXFileReference; fileEncoding = 4; lastKnownFileType = sourcecode.c.h; path = SHCTableView.h; sourceTree = "<group>"; };
		D6D3CD4D16F25307003C0434 /* SHCTableView.m */ = {isa = PBXFileReference; fileEncoding = 4; lastKnownFileType = sourcecode.c.objc; path = SHCTableView.m; sourceTree = "<group>"; };
		D6D3CD4E16F25307003C0434 /* SHCTableViewCell.h */ = {isa = PBXFileReference; fileEncoding = 4; lastKnownFileType = sourcecode.c.h; path = SHCTableViewCell.h; sourceTree = "<group>"; };
		D6D3CD4F16F25307003C0434 /* SHCTableViewCell.m */ = {isa = PBXFileReference; fileEncoding = 4; lastKnownFileType = sourcecode.c.objc; path = SHCTableViewCell.m; sourceTree = "<group>"; };
		D6D3CD5016F25307003C0434 /* SHCTableViewCellDelegate.h */ = {isa = PBXFileReference; fileEncoding = 4; lastKnownFileType = sourcecode.c.h; path = SHCTableViewCellDelegate.h; sourceTree = "<group>"; };
		D6D3CD5116F25307003C0434 /* SHCTableViewDataSource.h */ = {isa = PBXFileReference; fileEncoding = 4; lastKnownFileType = sourcecode.c.h; path = SHCTableViewDataSource.h; sourceTree = "<group>"; };
		D6D3CD5216F25307003C0434 /* SHCToDoItem.h */ = {isa = PBXFileReference; fileEncoding = 4; lastKnownFileType = sourcecode.c.h; path = SHCToDoItem.h; sourceTree = "<group>"; };
		D6D3CD5316F25307003C0434 /* SHCToDoItem.m */ = {isa = PBXFileReference; fileEncoding = 4; lastKnownFileType = sourcecode.c.objc; path = SHCToDoItem.m; sourceTree = "<group>"; };
		D6D3CD5416F25307003C0434 /* SHCViewController.h */ = {isa = PBXFileReference; fileEncoding = 4; lastKnownFileType = sourcecode.c.h; path = SHCViewController.h; sourceTree = "<group>"; };
		D6D3CD5516F25307003C0434 /* SHCViewController.m */ = {isa = PBXFileReference; fileEncoding = 4; lastKnownFileType = sourcecode.c.objc; path = SHCViewController.m; sourceTree = "<group>"; };
		D6D3CD6516F253BE003C0434 /* QuartzCore.framework */ = {isa = PBXFileReference; lastKnownFileType = wrapper.framework; name = QuartzCore.framework; path = System/Library/Frameworks/QuartzCore.framework; sourceTree = SDKROOT; };
		F49B45D213315AA200EAA732 /* Info.plist */ = {isa = PBXFileReference; fileEncoding = 4; lastKnownFileType = text.plist.xml; path = Info.plist; sourceTree = "<group>"; };
/* End PBXFileReference section */

/* Begin PBXFrameworksBuildPhase section */
		13E350A7119CA9AE00B2EB5A /* Frameworks */ = {
			isa = PBXFrameworksBuildPhase;
			buildActionMask = 2147483647;
			files = (
				D6D3CD6616F253BE003C0434 /* QuartzCore.framework in Frameworks */,
				13E350A8119CA9AE00B2EB5A /* Foundation.framework in Frameworks */,
				13E350A9119CA9AE00B2EB5A /* UIKit.framework in Frameworks */,
				13E350AA119CA9AE00B2EB5A /* CoreGraphics.framework in Frameworks */,
				13E350AB119CA9AE00B2EB5A /* Security.framework in Frameworks */,
				13E350AC119CA9AE00B2EB5A /* SystemConfiguration.framework in Frameworks */,
			);
			runOnlyForDeploymentPostprocessing = 0;
		};
/* End PBXFrameworksBuildPhase section */

/* Begin PBXGroup section */
		13C82E9111373B3000ACAEDD /* Classes */ = {
			isa = PBXGroup;
			children = (
				13C82E9311373B3000ACAEDD /* AppDelegate.h */,
				13C82E9411373B3000ACAEDD /* AppDelegate.m */,
				13C82E9511373B3000ACAEDD /* RootViewController.h */,
				13C82E9611373B3000ACAEDD /* RootViewController.m */,
				13C82E9B11373B6A00ACAEDD /* Resources */,
				D62EC15E16FCC2C5005E65F5 /* TaskListViewController.h */,
				D62EC15F16FCC2C5005E65F5 /* TaskListViewController.m */,
				D62EC16016FCC2C5005E65F5 /* TaskListViewController.xib */,
				D67ED23417028F6C0084E8A6 /* TaskTasksViewController.h */,
				D67ED23517028F6C0084E8A6 /* TaskTasksViewController.m */,
				D67ED23617028F6C0084E8A6 /* TaskTasksViewController.xib */,
			);
			name = Classes;
			sourceTree = "<group>";
		};
		13C82E9B11373B6A00ACAEDD /* Resources */ = {
			isa = PBXGroup;
			children = (
				D6D3CD0516F24CD9003C0434 /* GTMOAuth2ViewTouch.xib */,
				4F244810121F253B00FEE1DA /* OAuth2SampleMainTouch.xib */,
				1301BB44119CB4B100A33D6C /* OAuth2SampleMainiPad.xib */,
				F49B45D213315AA200EAA732 /* Info.plist */,
			);
			name = Resources;
			sourceTree = "<group>";
		};
		19C28FACFE9D520D11CA2CBB /* Products */ = {
			isa = PBXGroup;
			children = (
				13E350B0119CA9AE00B2EB5A /* gTask.app */,
			);
			name = Products;
			sourceTree = "<group>";
		};
		29B97314FDCFA39411CA2CEA /* CustomTemplate */ = {
			isa = PBXGroup;
			children = (
				D68536A41703A8FC006767EF /* ThirdParty */,
				D685369B1703A362006767EF /* CIALBrowser.bundle */,
				D62C37F716FF68EB00EF8CDE /* Default-568h@2x.png */,
				D62C37F516FF68E200EF8CDE /* Default@2x.png */,
				D62C37F316FF68D700EF8CDE /* Default.png */,
				D62C375C16FCDF9800EF8CDE /* GTLTasks */,
				13C82E9111373B3000ACAEDD /* Classes */,
				D6D3CD3616F25307003C0434 /* ClearStyle */,
				D62C366416FCD38B00EF8CDE /* GTL */,
				29B97315FDCFA39411CA2CEA /* Other App Sources */,
				19C28FACFE9D520D11CA2CBB /* Products */,
				D6D3CD6516F253BE003C0434 /* QuartzCore.framework */,
				13FA93DF113867A700E1AAA4 /* README.txt */,
				29B97323FDCFA39411CA2CEA /* System Frameworks */,
			);
			name = CustomTemplate;
			sourceTree = "<group>";
		};
		29B97315FDCFA39411CA2CEA /* Other App Sources */ = {
			isa = PBXGroup;
			children = (
				D62C37E916FF679300EF8CDE /* Icon-72.png */,
				D62C37EA16FF679300EF8CDE /* Icon-72@2x.png */,
				D62C37EB16FF679300EF8CDE /* Icon-Small.png */,
				D62C37EC16FF679300EF8CDE /* Icon.png */,
				D62C37ED16FF679300EF8CDE /* Icon@2x.png */,
				13C82E9211373B3000ACAEDD /* mainTouch.m */,
				13C82E9711373B3000ACAEDD /* prefixTouch.pch */,
			);
			name = "Other App Sources";
			sourceTree = "<group>";
		};
		29B97323FDCFA39411CA2CEA /* System Frameworks */ = {
			isa = PBXGroup;
			children = (
				4FF23DC011754C0300E96C5A /* SystemConfiguration.framework */,
				1D30AB110D05D00D00671497 /* Foundation.framework */,
				2892E40F0DC94CBA00A64D0F /* CoreGraphics.framework */,
				1397AC501137075C00DE52FD /* Security.framework */,
				1DF5F4DF0D08C38300B7A737 /* UIKit.framework */,
			);
			name = "System Frameworks";
			sourceTree = "<group>";
		};
		D62C366416FCD38B00EF8CDE /* GTL */ = {
			isa = PBXGroup;
			children = (
				D62C361316FCD2C500EF8CDE /* GTLDefines.h */,
				D62C361416FCD2C500EF8CDE /* GTLObject.h */,
				D62C361516FCD2C500EF8CDE /* GTLObject.m */,
				D62C361616FCD2C500EF8CDE /* GTLQuery.h */,
				D62C361716FCD2C500EF8CDE /* GTLQuery.m */,
				D62C361816FCD2C500EF8CDE /* GTLBatchQuery.h */,
				D62C361916FCD2C500EF8CDE /* GTLBatchQuery.m */,
				D62C361A16FCD2C500EF8CDE /* GTLService.h */,
				D62C361B16FCD2C500EF8CDE /* GTLService.m */,
				D62C361C16FCD2C500EF8CDE /* GTLBatchResult.h */,
				D62C361D16FCD2C500EF8CDE /* GTLBatchResult.m */,
				D62C361E16FCD2C500EF8CDE /* GTLUploadParameters.h */,
				D62C361F16FCD2C500EF8CDE /* GTLUploadParameters.m */,
				D62C362016FCD2C500EF8CDE /* GTLDateTime.h */,
				D62C362116FCD2C500EF8CDE /* GTLDateTime.m */,
				D62C362216FCD2C500EF8CDE /* GTLErrorObject.h */,
				D62C362316FCD2C600EF8CDE /* GTLErrorObject.m */,
				D62C362416FCD2C600EF8CDE /* GTLRuntimeCommon.h */,
				D62C362516FCD2C600EF8CDE /* GTLRuntimeCommon.m */,
				D62C362616FCD2C600EF8CDE /* GTLFramework.h */,
				D62C362716FCD2C600EF8CDE /* GTLFramework.m */,
				D62C362816FCD2C600EF8CDE /* GTLJSONParser.h */,
				D62C362916FCD2C600EF8CDE /* GTLJSONParser.m */,
				D62C362A16FCD2C600EF8CDE /* GTLTargetNamespace.h */,
				D62C362B16FCD2C600EF8CDE /* GTLUtilities.h */,
				D62C362C16FCD2C600EF8CDE /* GTLUtilities.m */,
				D62C362D16FCD2C600EF8CDE /* GTLBase64.h */,
				D62C362E16FCD2C600EF8CDE /* GTLBase64.m */,
				D62C362F16FCD2C600EF8CDE /* GTMHTTPFetcherService.h */,
				D62C363016FCD2C600EF8CDE /* GTMHTTPFetcherService.m */,
				D62C363116FCD2C600EF8CDE /* GTMHTTPFetcher.h */,
				D62C363216FCD2C600EF8CDE /* GTMHTTPFetcher.m */,
				D62C363316FCD2C600EF8CDE /* GTMHTTPFetcherLogging.h */,
				D62C363416FCD2C600EF8CDE /* GTMHTTPFetcherLogging.m */,
				D62C363516FCD2C600EF8CDE /* GTMHTTPFetchHistory.h */,
				D62C363616FCD2C600EF8CDE /* GTMHTTPFetchHistory.m */,
				D62C363716FCD2C600EF8CDE /* GTMHTTPUploadFetcher.h */,
				D62C363816FCD2C600EF8CDE /* GTMHTTPUploadFetcher.m */,
				D62C363916FCD2C600EF8CDE /* GTMGatherInputStream.h */,
				D62C363A16FCD2C600EF8CDE /* GTMGatherInputStream.m */,
				D62C363B16FCD2C600EF8CDE /* GTMMIMEDocument.h */,
				D62C363C16FCD2C600EF8CDE /* GTMMIMEDocument.m */,
				D62C363D16FCD2C600EF8CDE /* GTMReadMonitorInputStream.h */,
				D62C363E16FCD2C600EF8CDE /* GTMReadMonitorInputStream.m */,
				D62C363F16FCD2C600EF8CDE /* GTMOAuth2Authentication.h */,
				D62C364016FCD2C600EF8CDE /* GTMOAuth2Authentication.m */,
				D62C364116FCD2C600EF8CDE /* GTMOAuth2SignIn.h */,
				D62C364216FCD2C600EF8CDE /* GTMOAuth2SignIn.m */,
				D62C364616FCD2C600EF8CDE /* GTMOAuth2ViewControllerTouch.h */,
				D62C364716FCD2C600EF8CDE /* GTMOAuth2ViewControllerTouch.m */,
				D62C364816FCD2C600EF8CDE /* GTMOAuth2ViewTouch.xib */,
			);
			name = GTL;
			sourceTree = "<group>";
		};
		D62C375C16FCDF9800EF8CDE /* GTLTasks */ = {
			isa = PBXGroup;
			children = (
				D62C36A916FCD6D800EF8CDE /* GTLQueryTasks.h */,
				D62C374C16FCDEFA00EF8CDE /* GTLQueryTasks.m */,
				D62C36AB16FCD6D800EF8CDE /* GTLServiceTasks.h */,
				D62C374D16FCDEFA00EF8CDE /* GTLServiceTasks.m */,
				D62C36AE16FCD6D800EF8CDE /* GTLTasks.h */,
				D62C36B116FCD6D800EF8CDE /* GTLTasksTask.h */,
				D62C375016FCDEFA00EF8CDE /* GTLTasksTask.m */,
				D62C36B316FCD6D800EF8CDE /* GTLTasksTaskList.h */,
				D62C375116FCDEFA00EF8CDE /* GTLTasksTaskList.m */,
				D62C36B516FCD6D800EF8CDE /* GTLTasksTaskLists.h */,
				D62C375216FCDEFA00EF8CDE /* GTLTasksTaskLists.m */,
				D62C36B716FCD6D800EF8CDE /* GTLTasksTasks.h */,
				D62C375316FCDEFA00EF8CDE /* GTLTasksTasks.m */,
			);
			name = GTLTasks;
			sourceTree = "<group>";
		};
		D68536A41703A8FC006767EF /* ThirdParty */ = {
			isa = PBXGroup;
			children = (
				D68536A51703A911006767EF /* SVProgressHUD */,
			);
			name = ThirdParty;
			sourceTree = "<group>";
		};
		D68536A51703A911006767EF /* SVProgressHUD */ = {
			isa = PBXGroup;
			children = (
				D685369F1703A8F5006767EF /* SVProgressHUD.bundle */,
				D68536A01703A8F5006767EF /* SVProgressHUD.h */,
				D68536A11703A8F5006767EF /* SVProgressHUD.m */,
			);
			name = SVProgressHUD;
			sourceTree = "<group>";
		};
		D6D3CD3616F25307003C0434 /* ClearStyle */ = {
			isa = PBXGroup;
			children = (
				D6D3CD3B16F25307003C0434 /* SHCViewController.xib */,
				D6D3CD3E16F25307003C0434 /* SHCAppDelegate.h */,
				D6D3CD3F16F25307003C0434 /* SHCAppDelegate.m */,
				D6D3CD4016F25307003C0434 /* SHCMulticastDelegate.h */,
				D6D3CD4116F25307003C0434 /* SHCMulticastDelegate.m */,
				D6D3CD4216F25307003C0434 /* SHCMulticastDelegateUITableViewDelegate.h */,
				D6D3CD4316F25307003C0434 /* SHCMulticastDelegateUITableViewDelegate.m */,
				D6D3CD4416F25307003C0434 /* SHCPinchToAddNewBehaviour.h */,
				D6D3CD4516F25307003C0434 /* SHCPinchToAddNewBehaviour.m */,
				D6D3CD4616F25307003C0434 /* SHCPullToAddNewBehaviour.h */,
				D6D3CD4716F25307003C0434 /* SHCPullToAddNewBehaviour.m */,
				D6D3CD4816F25307003C0434 /* SHCStrikethroughLabel.h */,
				D6D3CD4916F25307003C0434 /* SHCStrikethroughLabel.m */,
				D6D3CD4A16F25307003C0434 /* SHCTableView+Multicast.h */,
				D6D3CD4B16F25307003C0434 /* SHCTableView+Multicast.m */,
				D6D3CD4C16F25307003C0434 /* SHCTableView.h */,
				D6D3CD4D16F25307003C0434 /* SHCTableView.m */,
				D6D3CD4E16F25307003C0434 /* SHCTableViewCell.h */,
				D6D3CD4F16F25307003C0434 /* SHCTableViewCell.m */,
				D6D3CD5016F25307003C0434 /* SHCTableViewCellDelegate.h */,
				D6D3CD5116F25307003C0434 /* SHCTableViewDataSource.h */,
				D6D3CD5216F25307003C0434 /* SHCToDoItem.h */,
				D6D3CD5316F25307003C0434 /* SHCToDoItem.m */,
				D6D3CD5416F25307003C0434 /* SHCViewController.h */,
				D6D3CD5516F25307003C0434 /* SHCViewController.m */,
			);
			path = ClearStyle;
			sourceTree = "<group>";
		};
/* End PBXGroup section */

/* Begin PBXNativeTarget section */
		13E3509B119CA9AE00B2EB5A /* gTask */ = {
			isa = PBXNativeTarget;
			buildConfigurationList = 13E350AD119CA9AE00B2EB5A /* Build configuration list for PBXNativeTarget "gTask" */;
			buildPhases = (
				13E3509C119CA9AE00B2EB5A /* Resources */,
				13E3509F119CA9AE00B2EB5A /* Sources */,
				13E350A7119CA9AE00B2EB5A /* Frameworks */,
			);
			buildRules = (
			);
			dependencies = (
			);
			name = gTask;
			productName = OAuthTouchSample;
			productReference = 13E350B0119CA9AE00B2EB5A /* gTask.app */;
			productType = "com.apple.product-type.application";
		};
/* End PBXNativeTarget section */

/* Begin PBXProject section */
		29B97313FDCFA39411CA2CEA /* Project object */ = {
			isa = PBXProject;
			buildConfigurationList = C01FCF4E08A954540054247B /* Build configuration list for PBXProject "gTask" */;
			compatibilityVersion = "Xcode 3.2";
			developmentRegion = English;
			hasScannedForEncodings = 1;
			knownRegions = (
				English,
				Japanese,
				French,
				German,
				en,
			);
			mainGroup = 29B97314FDCFA39411CA2CEA /* CustomTemplate */;
			projectDirPath = "";
			projectRoot = "";
			targets = (
				13E3509B119CA9AE00B2EB5A /* gTask */,
			);
		};
/* End PBXProject section */

/* Begin PBXResourcesBuildPhase section */
		13E3509C119CA9AE00B2EB5A /* Resources */ = {
			isa = PBXResourcesBuildPhase;
			buildActionMask = 2147483647;
			files = (
				4F244813121F263E00FEE1DA /* OAuth2SampleMainTouch.xib in Resources */,
				1301BB45119CB4B100A33D6C /* OAuth2SampleMainiPad.xib in Resources */,
				D6D3CD0616F24CD9003C0434 /* GTMOAuth2ViewTouch.xib in Resources */,
				D6D3CD5816F25307003C0434 /* SHCViewController.xib in Resources */,
				D62EC16216FCC2C5005E65F5 /* TaskListViewController.xib in Resources */,
				D62C366316FCD2C600EF8CDE /* GTMOAuth2ViewTouch.xib in Resources */,
				D62C37EE16FF679300EF8CDE /* Icon-72.png in Resources */,
				D62C37EF16FF679300EF8CDE /* Icon-72@2x.png in Resources */,
				D62C37F016FF679300EF8CDE /* Icon-Small.png in Resources */,
				D62C37F116FF679300EF8CDE /* Icon.png in Resources */,
				D62C37F216FF679300EF8CDE /* Icon@2x.png in Resources */,
				D62C37F416FF68D700EF8CDE /* Default.png in Resources */,
				D62C37F616FF68E200EF8CDE /* Default@2x.png in Resources */,
				D62C37F816FF68EB00EF8CDE /* Default-568h@2x.png in Resources */,
				D67ED23817028F6C0084E8A6 /* TaskTasksViewController.xib in Resources */,
				D685369C1703A362006767EF /* CIALBrowser.bundle in Resources */,
				D68536A21703A8F5006767EF /* SVProgressHUD.bundle in Resources */,
			);
			runOnlyForDeploymentPostprocessing = 0;
		};
/* End PBXResourcesBuildPhase section */

/* Begin PBXSourcesBuildPhase section */
		13E3509F119CA9AE00B2EB5A /* Sources */ = {
			isa = PBXSourcesBuildPhase;
			buildActionMask = 2147483647;
			files = (
				13E350A0119CA9AE00B2EB5A /* mainTouch.m in Sources */,
				13E350A1119CA9AE00B2EB5A /* AppDelegate.m in Sources */,
				13E350A2119CA9AE00B2EB5A /* RootViewController.m in Sources */,
				D6D3CD5A16F25307003C0434 /* SHCAppDelegate.m in Sources */,
				D6D3CD5B16F25307003C0434 /* SHCMulticastDelegate.m in Sources */,
				D6D3CD5C16F25307003C0434 /* SHCMulticastDelegateUITableViewDelegate.m in Sources */,
				D6D3CD5D16F25307003C0434 /* SHCPinchToAddNewBehaviour.m in Sources */,
				D6D3CD5E16F25307003C0434 /* SHCPullToAddNewBehaviour.m in Sources */,
				D6D3CD5F16F25307003C0434 /* SHCStrikethroughLabel.m in Sources */,
				D6D3CD6016F25307003C0434 /* SHCTableView+Multicast.m in Sources */,
				D6D3CD6116F25307003C0434 /* SHCTableView.m in Sources */,
				D6D3CD6216F25307003C0434 /* SHCTableViewCell.m in Sources */,
				D6D3CD6316F25307003C0434 /* SHCToDoItem.m in Sources */,
				D6D3CD6416F25307003C0434 /* SHCViewController.m in Sources */,
				D62EC16116FCC2C5005E65F5 /* TaskListViewController.m in Sources */,
				D62C364916FCD2C600EF8CDE /* GTLObject.m in Sources */,
				D62C364A16FCD2C600EF8CDE /* GTLQuery.m in Sources */,
				D62C364B16FCD2C600EF8CDE /* GTLBatchQuery.m in Sources */,
				D62C364C16FCD2C600EF8CDE /* GTLService.m in Sources */,
				D62C364D16FCD2C600EF8CDE /* GTLBatchResult.m in Sources */,
				D62C364E16FCD2C600EF8CDE /* GTLUploadParameters.m in Sources */,
				D62C364F16FCD2C600EF8CDE /* GTLDateTime.m in Sources */,
				D62C365016FCD2C600EF8CDE /* GTLErrorObject.m in Sources */,
				D62C365116FCD2C600EF8CDE /* GTLRuntimeCommon.m in Sources */,
				D62C365216FCD2C600EF8CDE /* GTLFramework.m in Sources */,
				D62C365316FCD2C600EF8CDE /* GTLJSONParser.m in Sources */,
				D62C365416FCD2C600EF8CDE /* GTLUtilities.m in Sources */,
				D62C365516FCD2C600EF8CDE /* GTLBase64.m in Sources */,
				D62C365616FCD2C600EF8CDE /* GTMHTTPFetcherService.m in Sources */,
				D62C365716FCD2C600EF8CDE /* GTMHTTPFetcher.m in Sources */,
				D62C365816FCD2C600EF8CDE /* GTMHTTPFetcherLogging.m in Sources */,
				D62C365916FCD2C600EF8CDE /* GTMHTTPFetchHistory.m in Sources */,
				D62C365A16FCD2C600EF8CDE /* GTMHTTPUploadFetcher.m in Sources */,
				D62C365B16FCD2C600EF8CDE /* GTMGatherInputStream.m in Sources */,
				D62C365C16FCD2C600EF8CDE /* GTMMIMEDocument.m in Sources */,
				D62C365D16FCD2C600EF8CDE /* GTMReadMonitorInputStream.m in Sources */,
				D62C365E16FCD2C600EF8CDE /* GTMOAuth2Authentication.m in Sources */,
				D62C365F16FCD2C600EF8CDE /* GTMOAuth2SignIn.m in Sources */,
				D62C366216FCD2C600EF8CDE /* GTMOAuth2ViewControllerTouch.m in Sources */,
				D62C375416FCDEFA00EF8CDE /* GTLQueryTasks.m in Sources */,
				D62C375516FCDEFA00EF8CDE /* GTLServiceTasks.m in Sources */,
				D62C375816FCDEFA00EF8CDE /* GTLTasksTask.m in Sources */,
				D62C375916FCDEFA00EF8CDE /* GTLTasksTaskList.m in Sources */,
				D62C375A16FCDEFA00EF8CDE /* GTLTasksTaskLists.m in Sources */,
				D62C375B16FCDEFA00EF8CDE /* GTLTasksTasks.m in Sources */,
				D67ED23717028F6C0084E8A6 /* TaskTasksViewController.m in Sources */,
				D68536A31703A8F5006767EF /* SVProgressHUD.m in Sources */,
			);
			runOnlyForDeploymentPostprocessing = 0;
		};
/* End PBXSourcesBuildPhase section */

/* Begin PBXVariantGroup section */
		D6D3CD3B16F25307003C0434 /* SHCViewController.xib */ = {
			isa = PBXVariantGroup;
			children = (
				D6D3CD3C16F25307003C0434 /* en */,
			);
			name = SHCViewController.xib;
			sourceTree = "<group>";
		};
/* End PBXVariantGroup section */

/* Begin XCBuildConfiguration section */
		13E350AE119CA9AE00B2EB5A /* Debug */ = {
			isa = XCBuildConfiguration;
			buildSettings = {
				ALWAYS_SEARCH_USER_PATHS = YES;
				CLANG_ENABLE_OBJC_ARC = YES;
				COPY_PHASE_STRIP = NO;
				GCC_DYNAMIC_NO_PIC = NO;
				GCC_OPTIMIZATION_LEVEL = 0;
				GCC_PRECOMPILE_PREFIX_HEADER = YES;
				GCC_PREFIX_HEADER = prefixTouch.pch;
				HEADER_SEARCH_PATHS = "$(PROJECT_DIR)/../**";
				INFOPLIST_FILE = Info.plist;
				IPHONEOS_DEPLOYMENT_TARGET = 6.0;
				LIBRARY_SEARCH_PATHS = "$(inherited)";
				ONLY_ACTIVE_ARCH = YES;
				OTHER_CFLAGS = "-DDEBUG=1";
				OTHER_LDFLAGS = "-ObjC";
				PRODUCT_NAME = gTask;
				TARGETED_DEVICE_FAMILY = "1,2";
			};
			name = Debug;
		};
		13E350AF119CA9AE00B2EB5A /* Release */ = {
			isa = XCBuildConfiguration;
			buildSettings = {
				ALWAYS_SEARCH_USER_PATHS = YES;
				CLANG_ENABLE_OBJC_ARC = YES;
				COPY_PHASE_STRIP = YES;
				GCC_PRECOMPILE_PREFIX_HEADER = YES;
				GCC_PREFIX_HEADER = prefixTouch.pch;
				HEADER_SEARCH_PATHS = "$(PROJECT_DIR)/../**";
				INFOPLIST_FILE = Info.plist;
				IPHONEOS_DEPLOYMENT_TARGET = 6.0;
				LIBRARY_SEARCH_PATHS = "$(inherited)";
				ONLY_ACTIVE_ARCH = YES;
				OTHER_CFLAGS = "";
				OTHER_LDFLAGS = "-ObjC";
				PRODUCT_NAME = gTask;
				TARGETED_DEVICE_FAMILY = "1,2";
			};
			name = Release;
		};
		C01FCF4F08A954540054247B /* Debug */ = {
			isa = XCBuildConfiguration;
			buildSettings = {
				ARCHS = "$(ARCHS_STANDARD_32_BIT)";
				"CODE_SIGN_IDENTITY[sdk=iphoneos*]" = "iPhone Developer";
				GCC_C_LANGUAGE_STANDARD = c99;
				GCC_TREAT_WARNINGS_AS_ERRORS = YES;
				GCC_WARN_ABOUT_RETURN_TYPE = YES;
				GCC_WARN_UNUSED_VARIABLE = YES;
				IPHONEOS_DEPLOYMENT_TARGET = 6.0;
				ONLY_ACTIVE_ARCH = YES;
				OTHER_CFLAGS = "-DDEBUG=1";
				OTHER_LDFLAGS = "-ObjC";
				SDKROOT = iphoneos;
			};
			name = Debug;
		};
		C01FCF5008A954540054247B /* Release */ = {
			isa = XCBuildConfiguration;
			buildSettings = {
				ARCHS = "$(ARCHS_STANDARD_32_BIT)";
				"CODE_SIGN_IDENTITY[sdk=iphoneos*]" = "iPhone Developer";
				GCC_C_LANGUAGE_STANDARD = c99;
				GCC_TREAT_WARNINGS_AS_ERRORS = YES;
				GCC_WARN_ABOUT_RETURN_TYPE = YES;
				GCC_WARN_UNUSED_VARIABLE = YES;
				IPHONEOS_DEPLOYMENT_TARGET = 6.0;
				ONLY_ACTIVE_ARCH = YES;
				OTHER_LDFLAGS = "-ObjC";
				SDKROOT = iphoneos;
			};
			name = Release;
		};
/* End XCBuildConfiguration section */

/* Begin XCConfigurationList section */
		13E350AD119CA9AE00B2EB5A /* Build configuration list for PBXNativeTarget "gTask" */ = {
			isa = XCConfigurationList;
			buildConfigurations = (
				13E350AE119CA9AE00B2EB5A /* Debug */,
				13E350AF119CA9AE00B2EB5A /* Release */,
			);
			defaultConfigurationIsVisible = 0;
			defaultConfigurationName = Release;
		};
		C01FCF4E08A954540054247B /* Build configuration list for PBXProject "gTask" */ = {
			isa = XCConfigurationList;
			buildConfigurations = (
				C01FCF4F08A954540054247B /* Debug */,
				C01FCF5008A954540054247B /* Release */,
			);
			defaultConfigurationIsVisible = 0;
			defaultConfigurationName = Release;
		};
/* End XCConfigurationList section */
	};
	rootObject = 29B97313FDCFA39411CA2CEA /* Project object */;
}
